<?xml version="1.0" encoding="utf-8"?>
<Project ToolsVersion="4.0" xmlns="http://schemas.microsoft.com/developer/msbuild/2003">
  <ItemGroup>
    <Filter Include="Core">
      <UniqueIdentifier>{0bf2fb91-1980-759e-0b3a-05bc77ef3cbc}</UniqueIdentifier>
    </Filter>
    <Filter Include="Core\Boot">
      <UniqueIdentifier>{a112059f-e3c5-9722-e024-1762979d18c0}</UniqueIdentifier>
    </Filter>
    <Filter Include="Core\Config">
      <UniqueIdentifier>{698cf913-5bb9-8600-27c8-91b52a37a9e2}</UniqueIdentifier>
    </Filter>
    <Filter Include="Core\Formats">
      <UniqueIdentifier>{12aaddff-a3ab-c972-feac-dd0a0f4e7198}</UniqueIdentifier>
    </Filter>
    <Filter Include="Core\Input">
      <UniqueIdentifier>{3370b467-1f15-127a-d992-4e1fe1113ea4}</UniqueIdentifier>
    </Filter>
    <Filter Include="D3D9">
      <UniqueIdentifier>{126d8768-1125-f82f-157c-9df5afd0fa57}</UniqueIdentifier>
    </Filter>
    <Filter Include="D3D9\Device">
      <UniqueIdentifier>{6ab8651d-f0ff-7f27-72fc-2128586c4913}</UniqueIdentifier>
    </Filter>
    <Filter Include="D3D9\Draw">
      <UniqueIdentifier>{f86cd940-b17e-5fb7-826d-fe7710a30d2b}</UniqueIdentifier>
    </Filter>
    <Filter Include="D3D9\Post">
      <UniqueIdentifier>{55a2e3a1-41ad-d0cb-1573-fff5b90c9d3f}</UniqueIdentifier>
    </Filter>
    <Filter Include="D3D9\Post\Shaders">
      <UniqueIdentifier>{298e1698-4b07-91f1-12b4-84bb758b5275}</UniqueIdentifier>
    </Filter>
    <Filter Include="Dependencies">
      <UniqueIdentifier>{ccfa12bb-6c45-a400-65e8-0ef99dbe8956}</UniqueIdentifier>
    </Filter>
    <Filter Include="Dependencies\ImGui">
      <UniqueIdentifier>{913e927c-eb22-48b9-1738-3c5e99cd8645}</UniqueIdentifier>
    </Filter>
    <Filter Include="Dependencies\ImGui\backends">
      <UniqueIdentifier>{2ab04985-22fb-606a-d22d-3a4451f05598}</UniqueIdentifier>
    </Filter>
    <Filter Include="Dependencies\MinHook">
      <UniqueIdentifier>{35b32b79-5926-6d67-653b-b2ed4d16d493}</UniqueIdentifier>
    </Filter>
    <Filter Include="Dependencies\MinHook\hde">
      <UniqueIdentifier>{de4713b1-b0da-7208-f693-9c25c3f3ca96}</UniqueIdentifier>
    </Filter>
    <Filter Include="Dependencies\minimp3">
      <UniqueIdentifier>{349f5585-4bd6-88f7-c187-c80bba76f483}</UniqueIdentifier>
    </Filter>
    <Filter Include="Dependencies\Vorbis">
      <UniqueIdentifier>{be08d7e3-ba1d-1ddf-c946-53300ca46963}</UniqueIdentifier>
    </Filter>
    <Filter Include="Game">
      <UniqueIdentifier>{8adaa572-0431-2527-3db7-4cc82812c2d7}</UniqueIdentifier>
    </Filter>
    <Filter Include="Game\Audio">
      <UniqueIdentifier>{75489d1a-8923-c105-b149-d3f074d2648d}</UniqueIdentifier>
    </Filter>
    <Filter Include="Game\Battle">
      <UniqueIdentifier>{fcf9d911-4456-2113-6ebb-148176f19eeb}</UniqueIdentifier>
    </Filter>
    <Filter Include="Game\Customize">
      <UniqueIdentifier>{24d751bc-9847-8364-096a-ccda9036303e}</UniqueIdentifier>
    </Filter>
    <Filter Include="Game\Display">
      <UniqueIdentifier>{86eef5fb-8022-6699-d478-2e83e8ce0c19}</UniqueIdentifier>
    </Filter>
    <Filter Include="Game\Engine">
      <UniqueIdentifier>{5d2b7d76-92b0-081f-728c-f5ee3d27392f}</UniqueIdentifier>
    </Filter>
    <Filter Include="Game\Files">
      <UniqueIdentifier>{d167c6e8-a207-c51c-5a40-2271a0831ad6}</UniqueIdentifier>
    </Filter>
    <Filter Include="Game\Lobby">
      <UniqueIdentifier>{4e647b9f-f606-bbd7-d9f5-00d81b3bdd6b}</UniqueIdentifier>
    </Filter>
    <Filter Include="Game\Menus">
      <UniqueIdentifier>{b056a667-5ffc-645f-2b29-b4ae740e7c27}</UniqueIdentifier>
    </Filter>
    <Filter Include="Game\Patches">
      <UniqueIdentifier>{c4702feb-f305-97e9-7ecf-6af201afe4b5}</UniqueIdentifier>
    </Filter>
    <Filter Include="Game\Replays">
      <UniqueIdentifier>{c7dd8ce1-a588-91c7-4085-4a05dbfca5cf}</UniqueIdentifier>
    </Filter>
    <Filter Include="Game\Stages">
      <UniqueIdentifier>{ae70ba32-4925-05de-f154-7d4e7a054194}</UniqueIdentifier>
    </Filter>
    <Filter Include="Game\Stages\Bbtag">
      <UniqueIdentifier>{b8427edf-61af-34f2-e9ab-58353bc2bb34}</UniqueIdentifier>
    </Filter>
    <Filter Include="Game\Subtitles">
      <UniqueIdentifier>{67ed653b-a097-1c5a-c3aa-ff7deadf592c}</UniqueIdentifier>
    </Filter>
    <Filter Include="Game\Tables">
      <UniqueIdentifier>{f5a43538-c9c2-f4f8-40fb-a54c1c05e356}</UniqueIdentifier>
    </Filter>
    <Filter Include="Hooks">
      <UniqueIdentifier>{8dc6a37a-e1a1-a81b-cdb7-6eb24bb92a03}</UniqueIdentifier>
    </Filter>
    <Filter Include="Network">
      <UniqueIdentifier>{1e8e57b2-909b-2a85-3983-a93f378eb6b5}</UniqueIdentifier>
    </Filter>
    <Filter Include="Network\Spectate">
      <UniqueIdentifier>{a47ead35-3d25-9258-00d7-2f38bd51d6e2}</UniqueIdentifier>
    </Filter>
    <Filter Include="Network\Steam">
      <UniqueIdentifier>{2e93b373-5220-1821-fe7a-f18e1468fc2d}</UniqueIdentifier>
    </Filter>
    <Filter Include="Overlay">
      <UniqueIdentifier>{5cb27212-0b10-9463-f43d-d2d90de1bc67}</UniqueIdentifier>
    </Filter>
    <Filter Include="Overlay\Framework">
      <UniqueIdentifier>{6beae41b-9e3f-b8b3-566b-014e8af7a77f}</UniqueIdentifier>
    </Filter>
    <Filter Include="Overlay\Guides">
      <UniqueIdentifier>{d9eb4383-9722-e080-fa2a-28584be765ba}</UniqueIdentifier>
    </Filter>
    <Filter Include="Overlay\Hud">
      <UniqueIdentifier>{9832348d-fce5-efce-6c62-51815f2b38b8}</UniqueIdentifier>
    </Filter>
    <Filter Include="Overlay\Native">
      <UniqueIdentifier>{d3c86014-2641-eb52-facc-95ff70192338}</UniqueIdentifier>
    </Filter>
    <Filter Include="Overlay\Panels">
      <UniqueIdentifier>{1129f397-4745-f8aa-5d73-ee294816d608}</UniqueIdentifier>
    </Filter>
    <Filter Include="Overlay\Widgets">
      <UniqueIdentifier>{8ee12055-8095-faea-73eb-5d4c8d764518}</UniqueIdentifier>
    </Filter>
    <Filter Include="Overlay\Windows">
      <UniqueIdentifier>{2ee13214-b7ac-c2d2-fbfc-49d713f274d0}</UniqueIdentifier>
    </Filter>
    <Filter Include="Palette">
      <UniqueIdentifier>{9dd69108-8352-b680-025d-8f853d2d59e2}</UniqueIdentifier>
    </Filter>
    <Filter Include="Resources">
      <UniqueIdentifier>{034d5a1b-ef24-5df2-c657-695f9ea78a18}</UniqueIdentifier>
    </Filter>
    <Filter Include="Resources\shaders">
      <UniqueIdentifier>{7a716d8f-e0df-bf90-1165-208b79f5f236}</UniqueIdentifier>
    </Filter>
    <Filter Include="Resources\shaders\examples">
      <UniqueIdentifier>{8b4ad20e-0a6d-ef4b-5734-d563fe44c8b7}</UniqueIdentifier>
    </Filter>
    <Filter Include="Screens">
      <UniqueIdentifier>{6ceeb9f1-e249-f966-98b7-ed74094ff428}</UniqueIdentifier>
    </Filter>
    <Filter Include="Training">
      <UniqueIdentifier>{e0ad314c-b345-1fb7-a5ed-68bb70aa22ab}</UniqueIdentifier>
    </Filter>
    <Filter Include="Training\Dummy">
      <UniqueIdentifier>{165cc816-7bf8-daff-ed89-9e6346522e63}</UniqueIdentifier>
    </Filter>
    <Filter Include="Training\Meter">
      <UniqueIdentifier>{98227d89-ea2a-0dc6-b044-7346356a9fa4}</UniqueIdentifier>
    </Filter>
    <Filter Include="Web">
      <UniqueIdentifier>{5ea0e119-4872-1ef1-f5cb-85505db1a525}</UniqueIdentifier>
    </Filter>
  </ItemGroup>
  <ItemGroup>
    <ClCompile Include="src\Core\Boot\dllmain.cpp">
      <Filter>Core\Boot</Filter>
    </ClCompile>
    <ClCompile Include="src\D3D9\Device\GraphicsWrapper.cpp">
      <Filter>D3D9\Device</Filter>
    </ClCompile>
    <ClCompile Include="src\D3D9\Device\DgVoodoo.cpp">
      <Filter>D3D9\Device</Filter>
    </ClCompile>
    <ClCompile Include="src\D3D9\Device\Dxvk.cpp">
      <Filter>D3D9\Device</Filter>
    </ClCompile>
    <ClCompile Include="src\Game\Stages\RandomStage.cpp">
      <Filter>Game\Stages</Filter>
    </ClCompile>
    <ClCompile Include="src\Overlay\Windows\SubtitlesWindow.cpp">
      <Filter>Overlay\Windows</Filter>
    </ClCompile>
    <ClCompile Include="src\Game\Patches\BundledPack.cpp">
      <Filter>Game\Patches</Filter>
    </ClCompile>
    <ClCompile Include="src\Core\Formats\Json.cpp">
      <Filter>Core\Formats</Filter>
    </ClCompile>
    <ClCompile Include="src\Game\Lobby\NameCensor.cpp">
      <Filter>Game\Lobby</Filter>
    </ClCompile>
    <ClCompile Include="src\Game\Lobby\RoomNameCensor.cpp">
      <Filter>Game\Lobby</Filter>
    </ClCompile>
    <ClCompile Include="src\Network\Steam\SteamFriends.cpp">
      <Filter>Network\Steam</Filter>
    </ClCompile>
    <ClCompile Include="src\Network\Spectate\SpectateCode.cpp">
      <Filter>Network\Spectate</Filter>
    </ClCompile>
    <ClCompile Include="src\Network\Spectate\SpectateRelay.cpp">
      <Filter>Network\Spectate</Filter>
    </ClCompile>
    <ClCompile Include="src\Network\Spectate\SpectateMatch.cpp">
      <Filter>Network\Spectate</Filter>
    </ClCompile>
    <ClCompile Include="src\Network\Spectate\SpectateHost.cpp">
      <Filter>Network\Spectate</Filter>
    </ClCompile>
    <ClCompile Include="src\Network\Spectate\SpectateViewer.cpp">
      <Filter>Network\Spectate</Filter>
    </ClCompile>
    <ClCompile Include="src\Network\Spectate\SpectateFeed.cpp">
      <Filter>Network\Spectate</Filter>
    </ClCompile>
    <ClCompile Include="src\Network\Spectate\Spectate.cpp">
      <Filter>Network\Spectate</Filter>
    </ClCompile>
    <ClCompile Include="src\Network\ReadyFlags.cpp">
      <Filter>Network</Filter>
    </ClCompile>
    <ClCompile Include="src\Game\Subtitles\SubtitleTable.cpp">
      <Filter>Game\Subtitles</Filter>
    </ClCompile>
    <ClCompile Include="src\Game\Subtitles\SubtitleText.cpp">
      <Filter>Game\Subtitles</Filter>
    </ClCompile>
    <ClCompile Include="src\Game\Subtitles\SubtitleWatch.cpp">
      <Filter>Game\Subtitles</Filter>
    </ClCompile>
    <ClCompile Include="src\Overlay\Hud\SubtitleHud.cpp">
      <Filter>Overlay\Hud</Filter>
    </ClCompile>
    <ClCompile Include="src\Overlay\Panels\SubtitlesPanel.cpp">
      <Filter>Overlay\Panels</Filter>
    </ClCompile>
    <ClCompile Include="src\Web\Http.cpp">
      <Filter>Web</Filter>
    </ClCompile>
    <ClCompile Include="src\Web\Job.cpp">
      <Filter>Web</Filter>
    </ClCompile>
    <ClCompile Include="src\Web\GitHubRelease.cpp">
      <Filter>Web</Filter>
    </ClCompile>
    <ClCompile Include="src\Web\UpdateInstall.cpp">
      <Filter>Web</Filter>
    </ClCompile>
    <ClCompile Include="src\Game\Customize\BasePals.cpp">
      <Filter>Game\Customize</Filter>
    </ClCompile>
    <ClCompile Include="src\Game\Patches\PatchPacks.cpp">
      <Filter>Game\Patches</Filter>
    </ClCompile>
    <ClCompile Include="src\Network\NetLog.cpp">
      <Filter>Network</Filter>
    </ClCompile>
    <ClCompile Include="src\Network\NetLink.cpp">
      <Filter>Network</Filter>
    </ClCompile>
    <ClCompile Include="src\Network\NetGate.cpp">
      <Filter>Network</Filter>
    </ClCompile>
    <ClCompile Include="src\Network\NetWorker.cpp">
      <Filter>Network</Filter>
    </ClCompile>
    <ClCompile Include="src\Network\Steam\SteamWatch.cpp">
      <Filter>Network\Steam</Filter>
    </ClCompile>
    <ClCompile Include="src\Network\Steam\SteamLink.cpp">
      <Filter>Network\Steam</Filter>
    </ClCompile>
    <ClCompile Include="src\Network\GgpoLogCapture.cpp">
      <Filter>Network</Filter>
    </ClCompile>
    <ClCompile Include="src\Core\Boot\CrashContext.cpp">
      <Filter>Core\Boot</Filter>
    </ClCompile>
    <ClCompile Include="src\Game\Audio\BgmTable.cpp">
      <Filter>Game\Audio</Filter>
    </ClCompile>
    <ClCompile Include="src\Game\Audio\BgmVolume.cpp">
      <Filter>Game\Audio</Filter>
    </ClCompile>
    <ClCompile Include="src\Game\Audio\AudioFile.cpp">
      <Filter>Game\Audio</Filter>
    </ClCompile>
    <ClCompile Include="src\Game\Audio\OggWriter.cpp">
      <Filter>Game\Audio</Filter>
    </ClCompile>
    <ClCompile Include="src\Game\Audio\MusicRefresh.cpp">
      <Filter>Game\Audio</Filter>
    </ClCompile>
    <ClCompile Include="src\Core\FileIndex.cpp">
      <Filter>Core</Filter>
    </ClCompile>
    <ClCompile Include="src\Game\Battle\BalanceRules.cpp">
      <Filter>Game\Battle</Filter>
    </ClCompile>
    <ClCompile Include="src\Game\Battle\ScreenShake.cpp">
      <Filter>Game\Battle</Filter>
    </ClCompile>
    <ClCompile Include="src\Game\Menus\MenuInput.cpp">
      <Filter>Game\Menus</Filter>
    </ClCompile>
    <ClCompile Include="src\Game\Menus\TrainingMenu.cpp">
      <Filter>Game\Menus</Filter>
    </ClCompile>
    <ClCompile Include="src\Game\Files\DataSearchPath.cpp">
      <Filter>Game\Files</Filter>
    </ClCompile>
    <ClCompile Include="src\Game\Patches\GamePatches.cpp">
      <Filter>Game\Patches</Filter>
    </ClCompile>
    <ClCompile Include="src\Game\Patches\PatchLibrary.cpp">
      <Filter>Game\Patches</Filter>
    </ClCompile>
    <ClCompile Include="src\Overlay\Windows\PatchWindow.cpp">
      <Filter>Overlay\Windows</Filter>
    </ClCompile>
    <ClCompile Include="src\Game\Audio\UserMusic.cpp">
      <Filter>Game\Audio</Filter>
    </ClCompile>
    <ClCompile Include="src\Game\Audio\SeListFile.cpp">
      <Filter>Game\Audio</Filter>
    </ClCompile>
    <ClCompile Include="src\Game\Audio\SoundPacks.cpp">
      <Filter>Game\Audio</Filter>
    </ClCompile>
    <ClCompile Include="src\Game\Audio\CharaSounds.cpp">
      <Filter>Game\Audio</Filter>
    </ClCompile>
    <ClCompile Include="src\Game\Files\GameArchive.cpp">
      <Filter>Game\Files</Filter>
    </ClCompile>
    <ClCompile Include="src\Game\Audio\SeList.cpp">
      <Filter>Game\Audio</Filter>
    </ClCompile>
    <ClCompile Include="src\Game\Audio\VoiceImport.cpp">
      <Filter>Game\Audio</Filter>
    </ClCompile>
    <ClCompile Include="src\Game\Audio\VoiceMap.cpp">
      <Filter>Game\Audio</Filter>
    </ClCompile>
    <ClCompile Include="src\Game\Audio\OggReader.cpp">
      <Filter>Game\Audio</Filter>
    </ClCompile>
    <ClCompile Include="src\Game\Audio\SoundsReadme.cpp">
      <Filter>Game\Audio</Filter>
    </ClCompile>
    <ClCompile Include="src\Core\SoundOutput.cpp">
      <Filter>Core</Filter>
    </ClCompile>
    <ClCompile Include="src\Game\Audio\SoundpackBuilder.cpp">
      <Filter>Game\Audio</Filter>
    </ClCompile>
    <ClCompile Include="src\Game\Audio\BgmLibrary.cpp">
      <Filter>Game\Audio</Filter>
    </ClCompile>
    <ClCompile Include="src\Game\Files\ModFiles.cpp">
      <Filter>Game\Files</Filter>
    </ClCompile>
    <ClCompile Include="src\Game\Files\ModPacks.cpp">
      <Filter>Game\Files</Filter>
    </ClCompile>
    <ClCompile Include="src\Overlay\Panels\ModsPanel.cpp">
      <Filter>Overlay\Panels</Filter>
    </ClCompile>
    <ClCompile Include="src\Overlay\Windows\ModsWindow.cpp">
      <Filter>Overlay\Windows</Filter>
    </ClCompile>
    <ClCompile Include="src\Game\Audio\OstImport.cpp">
      <Filter>Game\Audio</Filter>
    </ClCompile>
    <ClCompile Include="src\Game\Stages\BgListOverride.cpp">
      <Filter>Game\Stages</Filter>
    </ClCompile>
    <ClCompile Include="src\Game\Stages\BgObjectFix.cpp">
      <Filter>Game\Stages</Filter>
    </ClCompile>
    <ClCompile Include="src\Game\Stages\Bbtag\BbtagArt.cpp">
      <Filter>Game\Stages\Bbtag</Filter>
    </ClCompile>
    <ClCompile Include="src\Game\Stages\Bbtag\BbtagCrypt.cpp">
      <Filter>Game\Stages\Bbtag</Filter>
    </ClCompile>
    <ClCompile Include="src\Game\Stages\Bbtag\BbtagMmot.cpp">
      <Filter>Game\Stages\Bbtag</Filter>
    </ClCompile>
    <ClCompile Include="src\Game\Stages\Bbtag\BbtagMua.cpp">
      <Filter>Game\Stages\Bbtag</Filter>
    </ClCompile>
    <ClCompile Include="src\Game\Stages\Bbtag\BbtagPac.cpp">
      <Filter>Game\Stages\Bbtag</Filter>
    </ClCompile>
    <ClCompile Include="src\Game\Stages\Bbtag\BbtagScript.cpp">
      <Filter>Game\Stages\Bbtag</Filter>
    </ClCompile>
    <ClCompile Include="src\Game\Stages\Bbtag\BbtagStage.cpp">
      <Filter>Game\Stages\Bbtag</Filter>
    </ClCompile>
    <ClCompile Include="src\Game\Stages\FbxExWriter.cpp">
      <Filter>Game\Stages</Filter>
    </ClCompile>
    <ClCompile Include="src\Game\Stages\BgClear.cpp">
      <Filter>Game\Stages</Filter>
    </ClCompile>
    <ClCompile Include="src\Game\Stages\BgMipmaps.cpp">
      <Filter>Game\Stages</Filter>
    </ClCompile>
    <ClCompile Include="src\Game\Stages\DxtMips.cpp">
      <Filter>Game\Stages</Filter>
    </ClCompile>
    <ClCompile Include="src\Game\Stages\StagePlacement.cpp">
      <Filter>Game\Stages</Filter>
    </ClCompile>
    <ClCompile Include="src\Game\Stages\StageSettingKey.cpp">
      <Filter>Game\Stages</Filter>
    </ClCompile>
    <ClCompile Include="src\Game\Stages\BgVertexProbe.cpp">
      <Filter>Game\Stages</Filter>
    </ClCompile>
    <ClCompile Include="src\Game\Stages\BgGrade.cpp">
      <Filter>Game\Stages</Filter>
    </ClCompile>
    <ClCompile Include="src\Game\Stages\BgShaderText.cpp">
      <Filter>Game\Stages</Filter>
    </ClCompile>
    <ClCompile Include="src\Game\Files\FbGameFolder.cpp">
      <Filter>Game\Files</Filter>
    </ClCompile>
    <ClCompile Include="src\Game\Stages\FbxAscii.cpp">
      <Filter>Game\Stages</Filter>
    </ClCompile>
    <ClCompile Include="src\Game\Stages\BgCeiling.cpp">
      <Filter>Game\Stages</Filter>
    </ClCompile>
    <ClCompile Include="src\Game\Stages\FbxExLocal.cpp">
      <Filter>Game\Stages</Filter>
    </ClCompile>
    <ClCompile Include="src\Game\Stages\FbxToFbxEx.cpp">
      <Filter>Game\Stages</Filter>
    </ClCompile>
    <ClCompile Include="src\Game\Files\MbtlCipher.cpp">
      <Filter>Game\Files</Filter>
    </ClCompile>
    <ClCompile Include="src\Game\Files\UnielCipher.cpp">
      <Filter>Game\Files</Filter>
    </ClCompile>
    <ClCompile Include="src\Game\Stages\StageArchive.cpp">
      <Filter>Game\Stages</Filter>
    </ClCompile>
    <ClCompile Include="src\Game\Stages\StageImport.cpp">
      <Filter>Game\Stages</Filter>
    </ClCompile>
    <ClCompile Include="src\Game\Stages\BgRecord.cpp">
      <Filter>Game\Stages</Filter>
    </ClCompile>
    <ClCompile Include="src\Game\Stages\StageLibrary.cpp">
      <Filter>Game\Stages</Filter>
    </ClCompile>
    <ClCompile Include="src\Game\Stages\StageNote.cpp">
      <Filter>Game\Stages</Filter>
    </ClCompile>
    <ClCompile Include="src\Game\Stages\StageReplacements.cpp">
      <Filter>Game\Stages</Filter>
    </ClCompile>
    <ClCompile Include="src\Game\Stages\StageThumb.cpp">
      <Filter>Game\Stages</Filter>
    </ClCompile>
    <ClCompile Include="src\Game\Stages\StageObjects.cpp">
      <Filter>Game\Stages</Filter>
    </ClCompile>
    <ClCompile Include="src\Game\Stages\StageCards.cpp">
      <Filter>Game\Stages</Filter>
    </ClCompile>
    <ClCompile Include="src\Game\Engine\PlayerHealth.cpp">
      <Filter>Game\Engine</Filter>
    </ClCompile>
    <ClCompile Include="src\Game\Battle\CharaTint.cpp">
      <Filter>Game\Battle</Filter>
    </ClCompile>
    <ClCompile Include="src\Game\Menus\BattleCockpit.cpp">
      <Filter>Game\Menus</Filter>
    </ClCompile>
    <ClCompile Include="src\Overlay\Hud\HealthReadout.cpp">
      <Filter>Overlay\Hud</Filter>
    </ClCompile>
    <ClCompile Include="src\Overlay\Panels\RestartPrompt.cpp">
      <Filter>Overlay\Panels</Filter>
    </ClCompile>
    <ClCompile Include="src\Overlay\Panels\StagesPanel.cpp">
      <Filter>Overlay\Panels</Filter>
    </ClCompile>
    <ClCompile Include="src\Overlay\Windows\StagesWindow.cpp">
      <Filter>Overlay\Windows</Filter>
    </ClCompile>
    <ClCompile Include="src\Game\Audio\OstPac.cpp">
      <Filter>Game\Audio</Filter>
    </ClCompile>
    <ClCompile Include="src\Game\Audio\OstUniNames.cpp">
      <Filter>Game\Audio</Filter>
    </ClCompile>
    <ClCompile Include="src\Game\Audio\SoundpackTransfer.cpp">
      <Filter>Game\Audio</Filter>
    </ClCompile>
    <ClCompile Include="src\Core\Formats\ZipArchive.cpp">
      <Filter>Core\Formats</Filter>
    </ClCompile>
    <ClCompile Include="src\Game\Audio\BgmNames.cpp">
      <Filter>Game\Audio</Filter>
    </ClCompile>
    <ClCompile Include="src\Game\Audio\BgmRules.cpp">
      <Filter>Game\Audio</Filter>
    </ClCompile>
    <ClCompile Include="src\Game\Audio\BgmThemes.cpp">
      <Filter>Game\Audio</Filter>
    </ClCompile>
    <ClCompile Include="src\Game\Audio\BgmTableFile.cpp">
      <Filter>Game\Audio</Filter>
    </ClCompile>
    <ClCompile Include="src\Game\Audio\BgmCatalog.cpp">
      <Filter>Game\Audio</Filter>
    </ClCompile>
    <ClCompile Include="src\Game\Audio\BgmControl.cpp">
      <Filter>Game\Audio</Filter>
    </ClCompile>
    <ClCompile Include="src\Game\Lobby\OpponentLog.cpp">
      <Filter>Game\Lobby</Filter>
    </ClCompile>
    <ClCompile Include="src\Network\Steam\SteamInterfaces.cpp">
      <Filter>Network\Steam</Filter>
    </ClCompile>
    <ClCompile Include="src\Network\RollbackStats.cpp">
      <Filter>Network</Filter>
    </ClCompile>
    <ClCompile Include="src\Network\RoomRoster.cpp">
      <Filter>Network</Filter>
    </ClCompile>
    <ClCompile Include="src\Network\ModPresence.cpp">
      <Filter>Network</Filter>
    </ClCompile>
    <ClCompile Include="src\Network\PlayerCount.cpp">
      <Filter>Network</Filter>
    </ClCompile>
    <ClCompile Include="src\Network\RoomPing.cpp">
      <Filter>Network</Filter>
    </ClCompile>
    <ClCompile Include="src\Network\NetplayTick.cpp">
      <Filter>Network</Filter>
    </ClCompile>
    <ClCompile Include="src\Overlay\Windows\NetplayWindow.cpp">
      <Filter>Overlay\Windows</Filter>
    </ClCompile>
    <ClCompile Include="src\Overlay\Panels\MusicPanel.cpp">
      <Filter>Overlay\Panels</Filter>
    </ClCompile>
    <ClCompile Include="src\Overlay\Windows\MusicWindow.cpp">
      <Filter>Overlay\Windows</Filter>
    </ClCompile>
    <ClCompile Include="src\Overlay\Windows\SoundWindow.cpp">
      <Filter>Overlay\Windows</Filter>
    </ClCompile>
    <ClCompile Include="src\Overlay\Windows\ThemeWindow.cpp">
      <Filter>Overlay\Windows</Filter>
    </ClCompile>
    <ClCompile Include="src\Core\Config\Settings.cpp">
      <Filter>Core\Config</Filter>
    </ClCompile>
    <ClCompile Include="src\Core\logger.cpp">
      <Filter>Core</Filter>
    </ClCompile>
    <ClCompile Include="src\Core\Boot\Compat.cpp">
      <Filter>Core\Boot</Filter>
    </ClCompile>
    <ClCompile Include="src\Core\Formats\Deflate.cpp">
      <Filter>Core\Formats</Filter>
    </ClCompile>
    <ClCompile Include="src\Core\Formats\PngImage.cpp">
      <Filter>Core\Formats</Filter>
    </ClCompile>
    <ClCompile Include="src\Core\DpiScaling.cpp">
      <Filter>Core</Filter>
    </ClCompile>
    <ClCompile Include="src\Core\Boot\crashdump.cpp">
      <Filter>Core\Boot</Filter>
    </ClCompile>
    <ClCompile Include="src\Core\Boot\ModuleInventory.cpp">
      <Filter>Core\Boot</Filter>
    </ClCompile>
    <ClCompile Include="src\Core\utils.cpp">
      <Filter>Core</Filter>
    </ClCompile>
    <ClCompile Include="src\Core\AsyncFileDialog.cpp">
      <Filter>Core</Filter>
    </ClCompile>
    <ClCompile Include="src\Core\Formats\TextEncoding.cpp">
      <Filter>Core\Formats</Filter>
    </ClCompile>
    <ClCompile Include="src\Core\Input\KeyboardCapture.cpp">
      <Filter>Core\Input</Filter>
    </ClCompile>
    <ClCompile Include="src\Core\Config\keycodes.cpp">
      <Filter>Core\Config</Filter>
    </ClCompile>
    <ClCompile Include="src\Core\Config\Hotkeys.cpp">
      <Filter>Core\Config</Filter>
    </ClCompile>
    <ClCompile Include="src\Core\Input\PadInput.cpp">
      <Filter>Core\Input</Filter>
    </ClCompile>
    <ClCompile Include="src\Core\Config\interfaces.cpp">
      <Filter>Core\Config</Filter>
    </ClCompile>
    <ClCompile Include="src\Hooks\HookManager.cpp">
      <Filter>Hooks</Filter>
    </ClCompile>
    <ClCompile Include="src\Hooks\hooks_input.cpp">
      <Filter>Hooks</Filter>
    </ClCompile>
    <ClCompile Include="src\Hooks\InputProbe.cpp">
      <Filter>Hooks</Filter>
    </ClCompile>
    <ClCompile Include="src\D3D9\Device\D3D9Proxy.cpp">
      <Filter>D3D9\Device</Filter>
    </ClCompile>
    <ClCompile Include="src\D3D9\Device\D3D9Wrapper.cpp">
      <Filter>D3D9\Device</Filter>
    </ClCompile>
    <ClCompile Include="src\D3D9\Device\DeviceHooks.cpp">
      <Filter>D3D9\Device</Filter>
    </ClCompile>
    <ClCompile Include="src\D3D9\Draw\FrozenFrame.cpp">
      <Filter>D3D9\Draw</Filter>
    </ClCompile>
    <ClCompile Include="src\Overlay\Framework\WindowManager.cpp">
      <Filter>Overlay\Framework</Filter>
    </ClCompile>
    <ClCompile Include="src\Overlay\Hud\NotificationBar.cpp">
      <Filter>Overlay\Hud</Filter>
    </ClCompile>
    <ClCompile Include="src\Overlay\Widgets\UiText.cpp">
      <Filter>Overlay\Widgets</Filter>
    </ClCompile>
    <ClCompile Include="src\Overlay\Widgets\UiScale.cpp">
      <Filter>Overlay\Widgets</Filter>
    </ClCompile>
    <ClCompile Include="src\Overlay\Widgets\OverlayFont.cpp">
      <Filter>Overlay\Widgets</Filter>
    </ClCompile>
    <ClCompile Include="src\Overlay\Widgets\PlatePreview.cpp">
      <Filter>Overlay\Widgets</Filter>
    </ClCompile>
    <ClCompile Include="src\Overlay\Widgets\ComboNav.cpp">
      <Filter>Overlay\Widgets</Filter>
    </ClCompile>
    <ClCompile Include="src\Overlay\Widgets\CharaPreview.cpp">
      <Filter>Overlay\Widgets</Filter>
    </ClCompile>
    <ClCompile Include="src\Overlay\Framework\IWindow.cpp">
      <Filter>Overlay\Framework</Filter>
    </ClCompile>
    <ClCompile Include="src\Overlay\Windows\MainWindow.cpp">
      <Filter>Overlay\Windows</Filter>
    </ClCompile>
    <ClCompile Include="src\Overlay\Panels\PlayerCardPanel.cpp">
      <Filter>Overlay\Panels</Filter>
    </ClCompile>
    <ClCompile Include="src\Overlay\Panels\ColorCustomizePanel.cpp">
      <Filter>Overlay\Panels</Filter>
    </ClCompile>
    <ClCompile Include="src\Overlay\Windows\PaletteWindow.cpp">
      <Filter>Overlay\Windows</Filter>
    </ClCompile>
    <ClCompile Include="src\Overlay\Windows\DebugWindow.cpp">
      <Filter>Overlay\Windows</Filter>
    </ClCompile>
    <ClCompile Include="src\Game\Engine\MemoryMap.cpp">
      <Filter>Game\Engine</Filter>
    </ClCompile>
    <ClCompile Include="src\Game\Engine\CharaTracker.cpp">
      <Filter>Game\Engine</Filter>
    </ClCompile>
    <ClCompile Include="src\Game\Engine\HitboxData.cpp">
      <Filter>Game\Engine</Filter>
    </ClCompile>
    <ClCompile Include="src\Game\Engine\Camera.cpp">
      <Filter>Game\Engine</Filter>
    </ClCompile>
    <ClCompile Include="src\Game\Battle\GameRestart.cpp">
      <Filter>Game\Battle</Filter>
    </ClCompile>
    <ClCompile Include="src\Game\Engine\GameState.cpp">
      <Filter>Game\Engine</Filter>
    </ClCompile>
    <ClCompile Include="src\Game\Engine\OnlineState.cpp">
      <Filter>Game\Engine</Filter>
    </ClCompile>
    <ClCompile Include="src\Game\Engine\MemoryScanner.cpp">
      <Filter>Game\Engine</Filter>
    </ClCompile>
    <ClCompile Include="src\Network\Steam\SteamNetwork.cpp">
      <Filter>Network\Steam</Filter>
    </ClCompile>
    <ClCompile Include="src\Network\PaletteShare.cpp">
      <Filter>Network</Filter>
    </ClCompile>
    <ClCompile Include="src\Network\ModChannel.cpp">
      <Filter>Network</Filter>
    </ClCompile>
    <ClCompile Include="src\Network\ModHandshake.cpp">
      <Filter>Network</Filter>
    </ClCompile>
    <ClCompile Include="src\Network\MatchKind.cpp">
      <Filter>Network</Filter>
    </ClCompile>
    <ClCompile Include="src\Network\OnlinePatch.cpp">
      <Filter>Network</Filter>
    </ClCompile>
    <ClCompile Include="src\Game\Battle\BattleDataReload.cpp">
      <Filter>Game\Battle</Filter>
    </ClCompile>
    <ClCompile Include="src\Palette\PaletteBinder.cpp">
      <Filter>Palette</Filter>
    </ClCompile>
    <ClCompile Include="src\Palette\PaletteDrawProbe.cpp">
      <Filter>Palette</Filter>
    </ClCompile>
    <ClCompile Include="src\Palette\PaletteOwnerProbe.cpp">
      <Filter>Palette</Filter>
    </ClCompile>
    <ClCompile Include="src\Palette\PaletteSeat.cpp">
      <Filter>Palette</Filter>
    </ClCompile>
    <ClCompile Include="src\Palette\PaletteControl.cpp">
      <Filter>Palette</Filter>
    </ClCompile>
    <ClCompile Include="src\Palette\PaletteChoice.cpp">
      <Filter>Palette</Filter>
    </ClCompile>
    <ClCompile Include="src\Palette\EffectOwner.cpp">
      <Filter>Palette</Filter>
    </ClCompile>
    <ClCompile Include="src\Palette\PlayerSides.cpp">
      <Filter>Palette</Filter>
    </ClCompile>
    <ClCompile Include="src\Palette\EffectPaint.cpp">
      <Filter>Palette</Filter>
    </ClCompile>
    <ClCompile Include="src\Palette\PalettePaint.cpp">
      <Filter>Palette</Filter>
    </ClCompile>
    <ClCompile Include="src\Palette\PaletteIdentity.cpp">
      <Filter>Palette</Filter>
    </ClCompile>
    <ClCompile Include="src\Palette\PaletteMemory.cpp">
      <Filter>Palette</Filter>
    </ClCompile>
    <ClCompile Include="src\Palette\PaletteTexture.cpp">
      <Filter>Palette</Filter>
    </ClCompile>
    <ClCompile Include="src\Palette\PaletteFile.cpp">
      <Filter>Palette</Filter>
    </ClCompile>
    <ClCompile Include="src\Palette\PaletteLibrary.cpp">
      <Filter>Palette</Filter>
    </ClCompile>
    <ClCompile Include="src\Palette\PaletteManager.cpp">
      <Filter>Palette</Filter>
    </ClCompile>
    <ClCompile Include="src\Palette\PaletteReport.cpp">
      <Filter>Palette</Filter>
    </ClCompile>
    <ClCompile Include="src\Palette\PaletteTrace.cpp">
      <Filter>Palette</Filter>
    </ClCompile>
    <ClCompile Include="src\Game\Tables\CharaTables.cpp">
      <Filter>Game\Tables</Filter>
    </ClCompile>
    <ClCompile Include="src\Game\Tables\OfferedEntries.cpp">
      <Filter>Game\Tables</Filter>
    </ClCompile>
    <ClCompile Include="src\Game\Tables\PartColourTable.cpp">
      <Filter>Game\Tables</Filter>
    </ClCompile>
    <ClCompile Include="src\Game\Tables\EffectTable.cpp">
      <Filter>Game\Tables</Filter>
    </ClCompile>
    <ClCompile Include="src\Game\Customize\PartName.cpp">
      <Filter>Game\Customize</Filter>
    </ClCompile>
    <ClCompile Include="src\Game\Customize\PlayerCard.cpp">
      <Filter>Game\Customize</Filter>
    </ClCompile>
    <ClCompile Include="src\Game\Customize\PlateCatalog.cpp">
      <Filter>Game\Customize</Filter>
    </ClCompile>
    <ClCompile Include="src\Game\Customize\ColorCustomize.cpp">
      <Filter>Game\Customize</Filter>
    </ClCompile>
    <ClCompile Include="src\Game\Customize\ColorOverride.cpp">
      <Filter>Game\Customize</Filter>
    </ClCompile>
    <ClCompile Include="src\Game\Customize\LivePalette.cpp">
      <Filter>Game\Customize</Filter>
    </ClCompile>
    <ClCompile Include="src\Game\Customize\PngPalette.cpp">
      <Filter>Game\Customize</Filter>
    </ClCompile>
    <ClCompile Include="src\Game\Customize\CgImage.cpp">
      <Filter>Game\Customize</Filter>
    </ClCompile>
    <ClCompile Include="src\Game\Customize\PatParts.cpp">
      <Filter>Game\Customize</Filter>
    </ClCompile>
    <ClCompile Include="src\Game\Battle\ScriptReload.cpp">
      <Filter>Game\Battle</Filter>
    </ClCompile>
    <ClCompile Include="src\Game\Engine\SaveData.cpp">
      <Filter>Game\Engine</Filter>
    </ClCompile>
    <ClCompile Include="src\Game\Engine\SceneWatch.cpp">
      <Filter>Game\Engine</Filter>
    </ClCompile>
    <ClCompile Include="src\Game\Menus\CharaSelectProbe.cpp">
      <Filter>Game\Menus</Filter>
    </ClCompile>
    <ClCompile Include="src\Game\Menus\CharaSelectState.cpp">
      <Filter>Game\Menus</Filter>
    </ClCompile>
    <ClCompile Include="src\Screens\CharaGrid.cpp">
      <Filter>Screens</Filter>
    </ClCompile>
    <ClCompile Include="src\Screens\PatFile.cpp">
      <Filter>Screens</Filter>
    </ClCompile>
    <ClCompile Include="src\Screens\PatTextures.cpp">
      <Filter>Screens</Filter>
    </ClCompile>
    <ClCompile Include="src\Screens\PatPainter.cpp">
      <Filter>Screens</Filter>
    </ClCompile>
    <ClCompile Include="src\Screens\ScreenTheme.cpp">
      <Filter>Screens</Filter>
    </ClCompile>
    <ClCompile Include="src\Screens\ScreenDirector.cpp">
      <Filter>Screens</Filter>
    </ClCompile>
    <ClCompile Include="src\Game\Customize\ColorPartTable.cpp">
      <Filter>Game\Customize</Filter>
    </ClCompile>
    <ClCompile Include="src\Game\Customize\StockPalettes.cpp">
      <Filter>Game\Customize</Filter>
    </ClCompile>
    <ClCompile Include="src\Game\Tables\UsedEntryTable.cpp">
      <Filter>Game\Tables</Filter>
    </ClCompile>
    <ClCompile Include="src\Game\Tables\FrameDataTable.cpp">
      <Filter>Game\Tables</Filter>
    </ClCompile>
    <ClCompile Include="src\Game\Tables\GameTables.cpp">
      <Filter>Game\Tables</Filter>
    </ClCompile>
    <ClCompile Include="src\Game\Engine\PlayerState.cpp">
      <Filter>Game\Engine</Filter>
    </ClCompile>
    <ClCompile Include="src\Game\Replays\ReplayState.cpp">
      <Filter>Game\Replays</Filter>
    </ClCompile>
    <ClCompile Include="src\Game\Lobby\SteamNames.cpp">
      <Filter>Game\Lobby</Filter>
    </ClCompile>
    <ClCompile Include="src\Training\FrameStepper.cpp">
      <Filter>Training</Filter>
    </ClCompile>
    <ClCompile Include="src\Training\StopTime.cpp">
      <Filter>Training</Filter>
    </ClCompile>
    <ClCompile Include="src\Training\StageColor.cpp">
      <Filter>Training</Filter>
    </ClCompile>
    <ClCompile Include="src\Training\Dummy\DummyScript.cpp">
      <Filter>Training\Dummy</Filter>
    </ClCompile>
    <ClCompile Include="src\Training\Meter\StateRecorder.cpp">
      <Filter>Training\Meter</Filter>
    </ClCompile>
    <ClCompile Include="src\Training\Dummy\DummyRecorder.cpp">
      <Filter>Training\Dummy</Filter>
    </ClCompile>
    <ClCompile Include="src\Training\Meter\FrameMeter.cpp">
      <Filter>Training\Meter</Filter>
    </ClCompile>
    <ClCompile Include="src\Training\Meter\SuperFlash.cpp">
      <Filter>Training\Meter</Filter>
    </ClCompile>
    <ClCompile Include="src\Training\TrainingSave.cpp">
      <Filter>Training</Filter>
    </ClCompile>
    <ClCompile Include="src\Overlay\Hud\FrameMeterHud.cpp">
      <Filter>Overlay\Hud</Filter>
    </ClCompile>
    <ClCompile Include="src\Overlay\Hud\GrdPopupHud.cpp">
      <Filter>Overlay\Hud</Filter>
    </ClCompile>
    <ClCompile Include="src\Training\Meter\GrdWatch.cpp">
      <Filter>Training\Meter</Filter>
    </ClCompile>
    <ClCompile Include="src\D3D9\Draw\DdsTexture.cpp">
      <Filter>D3D9\Draw</Filter>
    </ClCompile>
    <ClCompile Include="src\D3D9\Draw\QuadRenderer.cpp">
      <Filter>D3D9\Draw</Filter>
    </ClCompile>
    <ClCompile Include="src\D3D9\Draw\GameFont.cpp">
      <Filter>D3D9\Draw</Filter>
    </ClCompile>
    <ClCompile Include="src\Overlay\Windows\FrameMeterLegendWindow.cpp">
      <Filter>Overlay\Windows</Filter>
    </ClCompile>
    <ClCompile Include="src\Overlay\Guides\FrameMeterLegend.cpp">
      <Filter>Overlay\Guides</Filter>
    </ClCompile>
    <ClCompile Include="src\Overlay\Native\GuideScreen.cpp">
      <Filter>Overlay\Native</Filter>
    </ClCompile>
    <ClCompile Include="src\Overlay\Native\TrainingMenuItems.cpp">
      <Filter>Overlay\Native</Filter>
    </ClCompile>
    <ClCompile Include="src\Overlay\Windows\DummyScriptGuideWindow.cpp">
      <Filter>Overlay\Windows</Filter>
    </ClCompile>
    <ClCompile Include="src\Overlay\Windows\HitboxLegendWindow.cpp">
      <Filter>Overlay\Windows</Filter>
    </ClCompile>
    <ClCompile Include="src\Overlay\Windows\PlayerControlWindow.cpp">
      <Filter>Overlay\Windows</Filter>
    </ClCompile>
    <ClCompile Include="src\Overlay\Windows\UpdateNotifierWindow.cpp">
      <Filter>Overlay\Windows</Filter>
    </ClCompile>
    <ClCompile Include="src\Web\UpdateCheck.cpp">
      <Filter>Web</Filter>
    </ClCompile>
    <ClCompile Include="src\Training\Dummy\PlayerControl.cpp">
      <Filter>Training\Dummy</Filter>
    </ClCompile>
    <ClCompile Include="src\Training\Meter\InputLagMeter.cpp">
      <Filter>Training\Meter</Filter>
    </ClCompile>
    <ClCompile Include="src\Overlay\Windows\PaletteEditorWindow.cpp">
      <Filter>Overlay\Windows</Filter>
    </ClCompile>
    <ClCompile Include="src\Overlay\Windows\HitboxOverlay.cpp">
      <Filter>Overlay\Windows</Filter>
    </ClCompile>
    <ClCompile Include="src\Overlay\Framework\WindowContainer.cpp">
      <Filter>Overlay\Framework</Filter>
    </ClCompile>
    <ClCompile Include="src\Core\Profiler.cpp">
      <Filter>Core</Filter>
    </ClCompile>
    <ClCompile Include="src\Core\Boot\ProcessTuning.cpp">
      <Filter>Core\Boot</Filter>
    </ClCompile>
    <ClCompile Include="src\D3D9\Device\PresentTuning.cpp">
      <Filter>D3D9\Device</Filter>
    </ClCompile>
    <ClCompile Include="src\D3D9\Device\SceneScale.cpp">
      <Filter>D3D9\Device</Filter>
    </ClCompile>
    <ClCompile Include="src\D3D9\Draw\DrawTrace.cpp">
      <Filter>D3D9\Draw</Filter>
    </ClCompile>
    <ClCompile Include="src\D3D9\Draw\DrawQueueProbe.cpp">
      <Filter>D3D9\Draw</Filter>
    </ClCompile>
    <ClCompile Include="src\D3D9\Draw\DrawQueue.cpp">
      <Filter>D3D9\Draw</Filter>
    </ClCompile>
    <ClCompile Include="src\D3D9\Post\SceneUpscale.cpp">
      <Filter>D3D9\Post</Filter>
    </ClCompile>
    <ClCompile Include="src\D3D9\Post\DeviceState.cpp">
      <Filter>D3D9\Post</Filter>
    </ClCompile>
    <ClCompile Include="src\D3D9\Post\ScratchTarget.cpp">
      <Filter>D3D9\Post</Filter>
    </ClCompile>
    <ClCompile Include="src\D3D9\Post\FullScreenPass.cpp">
      <Filter>D3D9\Post</Filter>
    </ClCompile>
    <ClCompile Include="src\D3D9\Post\UpscaleFilter.cpp">
      <Filter>D3D9\Post</Filter>
    </ClCompile>
    <ClCompile Include="src\D3D9\Post\PostOptions.cpp">
      <Filter>D3D9\Post</Filter>
    </ClCompile>
    <ClCompile Include="src\D3D9\Post\PostChain.cpp">
      <Filter>D3D9\Post</Filter>
    </ClCompile>
    <ClCompile Include="src\D3D9\Post\BundledShaders.cpp">
      <Filter>D3D9\Post</Filter>
    </ClCompile>
    <ClCompile Include="src\D3D9\Post\ShaderPack.cpp">
      <Filter>D3D9\Post</Filter>
    </ClCompile>
    <ClCompile Include="src\D3D9\Post\ShaderSource.cpp">
      <Filter>D3D9\Post</Filter>
    </ClCompile>
    <ClCompile Include="src\Game\Display\EngineQuality.cpp">
      <Filter>Game\Display</Filter>
    </ClCompile>
    <ClCompile Include="src\Game\Stages\ExtraStages.cpp">
      <Filter>Game\Stages</Filter>
    </ClCompile>
    <ClCompile Include="src\Game\Stages\OnlineStage.cpp">
      <Filter>Game\Stages</Filter>
    </ClCompile>
    <ClCompile Include="src\Game\Display\Improvements.cpp">
      <Filter>Game\Display</Filter>
    </ClCompile>
    <ClCompile Include="src\Game\Battle\KeyboardSeat.cpp">
      <Filter>Game\Battle</Filter>
    </ClCompile>
    <ClCompile Include="src\Game\Display\PotatoMode.cpp">
      <Filter>Game\Display</Filter>
    </ClCompile>
    <ClCompile Include="src\Game\Replays\ReplayArchive.cpp">
      <Filter>Game\Replays</Filter>
    </ClCompile>
    <ClCompile Include="src\Game\Replays\ReplayFiles.cpp">
      <Filter>Game\Replays</Filter>
    </ClCompile>
    <ClCompile Include="src\Game\Display\PresentSize.cpp">
      <Filter>Game\Display</Filter>
    </ClCompile>
    <ClCompile Include="src\Game\Display\PumpWait.cpp">
      <Filter>Game\Display</Filter>
    </ClCompile>
    <ClCompile Include="src\Game\Files\DataArchive.cpp">
      <Filter>Game\Files</Filter>
    </ClCompile>
    <ClCompile Include="src\Game\Menus\UiAssets.cpp">
      <Filter>Game\Menus</Filter>
    </ClCompile>
    <ClCompile Include="src\Overlay\Windows\PerformanceWindow.cpp">
      <Filter>Overlay\Windows</Filter>
    </ClCompile>
    <ClCompile Include="src\Overlay\Panels\GraphicsPanel.cpp">
      <Filter>Overlay\Panels</Filter>
    </ClCompile>
    <ClCompile Include="src\Core\Boot\Modules.cpp">
      <Filter>Core\Boot</Filter>
    </ClCompile>
    <ClCompile Include="src\Game\Menus\MenuKeys.cpp">
      <Filter>Game\Menus</Filter>
    </ClCompile>
    <ClCompile Include="src\Game\Menus\MenuWords.cpp">
      <Filter>Game\Menus</Filter>
    </ClCompile>
    <ClCompile Include="src\Overlay\Guides\GuideImGui.cpp">
      <Filter>Overlay\Guides</Filter>
    </ClCompile>
    <ClCompile Include="src\Overlay\Guides\HitboxLegend.cpp">
      <Filter>Overlay\Guides</Filter>
    </ClCompile>
    <ClCompile Include="src\Overlay\Native\GameArt.cpp">
      <Filter>Overlay\Native</Filter>
    </ClCompile>
    <ClCompile Include="src\Overlay\Native\KeyGlyph.cpp">
      <Filter>Overlay\Native</Filter>
    </ClCompile>
    <ClCompile Include="src\D3D9\Draw\BitmapFont.cpp">
      <Filter>D3D9\Draw</Filter>
    </ClCompile>
    <ClCompile Include="src\Game\Engine\CodeSignatures.cpp">
      <Filter>Game\Engine</Filter>
    </ClCompile>
    <ClCompile Include="src\Core\ThreadRole.cpp">
      <Filter>Core</Filter>
    </ClCompile>
    <ClCompile Include="src\Overlay\Panels\ConfigPanel.cpp">
      <Filter>Overlay\Panels</Filter>
    </ClCompile>
    <ClCompile Include="src\Overlay\Panels\PalettesPanel.cpp">
      <Filter>Overlay\Panels</Filter>
    </ClCompile>
    <ClCompile Include="src\Overlay\Panels\ReplayPanel.cpp">
      <Filter>Overlay\Panels</Filter>
    </ClCompile>
    <ClCompile Include="src\Overlay\Panels\TrainingPanel.cpp">
      <Filter>Overlay\Panels</Filter>
    </ClCompile>
    <ClCompile Include="src\Overlay\Windows\DebugWindowMeter.cpp">
      <Filter>Overlay\Windows</Filter>
    </ClCompile>
    <ClCompile Include="src\Overlay\Windows\DebugWindowPalette.cpp">
      <Filter>Overlay\Windows</Filter>
    </ClCompile>
    <ClCompile Include="src\Overlay\Windows\DebugWindowPlayer.cpp">
      <Filter>Overlay\Windows</Filter>
    </ClCompile>
    <ClCompile Include="src\Training\Meter\FrameMeterStyle.cpp">
      <Filter>Training\Meter</Filter>
    </ClCompile>
    <ClCompile Include="src\Training\Meter\MeterTrace.cpp">
      <Filter>Training\Meter</Filter>
    </ClCompile>
    <ClCompile Include="depends\imgui\imgui.cpp">
      <Filter>Dependencies\ImGui</Filter>
    </ClCompile>
    <ClCompile Include="depends\imgui\imgui_draw.cpp">
      <Filter>Dependencies\ImGui</Filter>
    </ClCompile>
    <ClCompile Include="depends\imgui\imgui_tables.cpp">
      <Filter>Dependencies\ImGui</Filter>
    </ClCompile>
    <ClCompile Include="depends\imgui\imgui_widgets.cpp">
      <Filter>Dependencies\ImGui</Filter>
    </ClCompile>
    <ClCompile Include="depends\imgui\imgui_demo.cpp">
      <Filter>Dependencies\ImGui</Filter>
    </ClCompile>
    <ClCompile Include="depends\imgui\backends\imgui_impl_dx9.cpp">
      <Filter>Dependencies\ImGui\backends</Filter>
    </ClCompile>
    <ClCompile Include="depends\imgui\backends\imgui_impl_win32.cpp">
      <Filter>Dependencies\ImGui\backends</Filter>
    </ClCompile>
    <ClCompile Include="depends\minhook\src\hook.c">
      <Filter>Dependencies\MinHook</Filter>
    </ClCompile>
    <ClCompile Include="depends\minhook\src\buffer.c">
      <Filter>Dependencies\MinHook</Filter>
    </ClCompile>
    <ClCompile Include="depends\minhook\src\trampoline.c">
      <Filter>Dependencies\MinHook</Filter>
    </ClCompile>
    <ClCompile Include="depends\minhook\src\hde\hde32.c">
      <Filter>Dependencies\MinHook\hde</Filter>
    </ClCompile>
    <ClCompile Include="depends\minhook\src\hde\hde64.c">
      <Filter>Dependencies\MinHook\hde</Filter>
    </ClCompile>
    <ClCompile Include="depends\vorbis\ogg\bitwise.c">
      <Filter>Dependencies\Vorbis</Filter>
    </ClCompile>
    <ClCompile Include="depends\vorbis\ogg\framing.c">
      <Filter>Dependencies\Vorbis</Filter>
    </ClCompile>
    <ClCompile Include="depends\vorbis\vorbis\analysis.c">
      <Filter>Dependencies\Vorbis</Filter>
    </ClCompile>
    <ClCompile Include="depends\vorbis\vorbis\bitrate.c">
      <Filter>Dependencies\Vorbis</Filter>
    </ClCompile>
    <ClCompile Include="depends\vorbis\vorbis\block.c">
      <Filter>Dependencies\Vorbis</Filter>
    </ClCompile>
    <ClCompile Include="depends\vorbis\vorbis\codebook.c">
      <Filter>Dependencies\Vorbis</Filter>
    </ClCompile>
    <ClCompile Include="depends\vorbis\vorbis\envelope.c">
      <Filter>Dependencies\Vorbis</Filter>
    </ClCompile>
    <ClCompile Include="depends\vorbis\vorbis\floor0.c">
      <Filter>Dependencies\Vorbis</Filter>
    </ClCompile>
    <ClCompile Include="depends\vorbis\vorbis\floor1.c">
      <Filter>Dependencies\Vorbis</Filter>
    </ClCompile>
    <ClCompile Include="depends\vorbis\vorbis\info.c">
      <Filter>Dependencies\Vorbis</Filter>
    </ClCompile>
    <ClCompile Include="depends\vorbis\vorbis\lpc.c">
      <Filter>Dependencies\Vorbis</Filter>
    </ClCompile>
    <ClCompile Include="depends\vorbis\vorbis\lsp.c">
      <Filter>Dependencies\Vorbis</Filter>
    </ClCompile>
    <ClCompile Include="depends\vorbis\vorbis\mapping0.c">
      <Filter>Dependencies\Vorbis</Filter>
    </ClCompile>
    <ClCompile Include="depends\vorbis\vorbis\mdct.c">
      <Filter>Dependencies\Vorbis</Filter>
    </ClCompile>
    <ClCompile Include="depends\vorbis\vorbis\psy.c">
      <Filter>Dependencies\Vorbis</Filter>
    </ClCompile>
    <ClCompile Include="depends\vorbis\vorbis\registry.c">
      <Filter>Dependencies\Vorbis</Filter>
    </ClCompile>
    <ClCompile Include="depends\vorbis\vorbis\res0.c">
      <Filter>Dependencies\Vorbis</Filter>
    </ClCompile>
    <ClCompile Include="depends\vorbis\vorbis\sharedbook.c">
      <Filter>Dependencies\Vorbis</Filter>
    </ClCompile>
    <ClCompile Include="depends\vorbis\vorbis\smallft.c">
      <Filter>Dependencies\Vorbis</Filter>
    </ClCompile>
    <ClCompile Include="depends\vorbis\vorbis\synthesis.c">
      <Filter>Dependencies\Vorbis</Filter>
    </ClCompile>
    <ClCompile Include="depends\vorbis\vorbis\vorbisenc.c">
      <Filter>Dependencies\Vorbis</Filter>
    </ClCompile>
    <ClCompile Include="depends\vorbis\vorbis\window.c">
      <Filter>Dependencies\Vorbis</Filter>
    </ClCompile>
  </ItemGroup>
  <ItemGroup>
    <ClInclude Include="src\Core\Config\Settings.h">
      <Filter>Core\Config</Filter>
    </ClInclude>
    <ClInclude Include="src\D3D9\Device\GraphicsWrapper.h">
      <Filter>D3D9\Device</Filter>
    </ClInclude>
    <ClInclude Include="src\D3D9\Device\DgVoodoo.h">
      <Filter>D3D9\Device</Filter>
    </ClInclude>
    <ClInclude Include="src\D3D9\Device\Dxvk.h">
      <Filter>D3D9\Device</Filter>
    </ClInclude>
    <ClInclude Include="src\Game\Stages\RandomStage.h">
      <Filter>Game\Stages</Filter>
    </ClInclude>
    <ClInclude Include="src\Overlay\Windows\SubtitlesWindow.h">
      <Filter>Overlay\Windows</Filter>
    </ClInclude>
    <ClInclude Include="src\Game\Patches\BundledPack.h">
      <Filter>Game\Patches</Filter>
    </ClInclude>
    <ClInclude Include="src\Core\Formats\Json.h">
      <Filter>Core\Formats</Filter>
    </ClInclude>
    <ClInclude Include="src\Game\Lobby\NameCensor.h">
      <Filter>Game\Lobby</Filter>
    </ClInclude>
    <ClInclude Include="src\Game\Lobby\RoomNameCensor.h">
      <Filter>Game\Lobby</Filter>
    </ClInclude>
    <ClInclude Include="src\Network\Steam\SteamFriends.h">
      <Filter>Network\Steam</Filter>
    </ClInclude>
    <ClInclude Include="src\Network\Spectate\SpectateCode.h">
      <Filter>Network\Spectate</Filter>
    </ClInclude>
    <ClInclude Include="src\Network\Spectate\SpectateWire.h">
      <Filter>Network\Spectate</Filter>
    </ClInclude>
    <ClInclude Include="src\Network\Spectate\SpectateRelay.h">
      <Filter>Network\Spectate</Filter>
    </ClInclude>
    <ClInclude Include="src\Network\Spectate\SpectateMatch.h">
      <Filter>Network\Spectate</Filter>
    </ClInclude>
    <ClInclude Include="src\Network\Spectate\SpectateHost.h">
      <Filter>Network\Spectate</Filter>
    </ClInclude>
    <ClInclude Include="src\Network\Spectate\SpectateViewer.h">
      <Filter>Network\Spectate</Filter>
    </ClInclude>
    <ClInclude Include="src\Network\Spectate\SpectateFeed.h">
      <Filter>Network\Spectate</Filter>
    </ClInclude>
    <ClInclude Include="src\Network\Spectate\Spectate.h">
      <Filter>Network\Spectate</Filter>
    </ClInclude>
    <ClInclude Include="src\Network\ReadyFlags.h">
      <Filter>Network</Filter>
    </ClInclude>
    <ClInclude Include="src\Game\Subtitles\SubtitleTable.h">
      <Filter>Game\Subtitles</Filter>
    </ClInclude>
    <ClInclude Include="src\Game\Subtitles\SubtitleText.h">
      <Filter>Game\Subtitles</Filter>
    </ClInclude>
    <ClInclude Include="src\Game\Subtitles\SubtitleWatch.h">
      <Filter>Game\Subtitles</Filter>
    </ClInclude>
    <ClInclude Include="src\Overlay\Hud\SubtitleHud.h">
      <Filter>Overlay\Hud</Filter>
    </ClInclude>
    <ClInclude Include="src\Overlay\Panels\SubtitlesPanel.h">
      <Filter>Overlay\Panels</Filter>
    </ClInclude>
    <ClInclude Include="src\Web\Http.h">
      <Filter>Web</Filter>
    </ClInclude>
    <ClInclude Include="src\Web\Job.h">
      <Filter>Web</Filter>
    </ClInclude>
    <ClInclude Include="src\Web\GitHubRelease.h">
      <Filter>Web</Filter>
    </ClInclude>
    <ClInclude Include="src\Web\UpdateInstall.h">
      <Filter>Web</Filter>
    </ClInclude>
    <ClInclude Include="src\Game\Customize\BasePals.h">
      <Filter>Game\Customize</Filter>
    </ClInclude>
    <ClInclude Include="src\Game\Patches\PatchPacks.h">
      <Filter>Game\Patches</Filter>
    </ClInclude>
    <ClInclude Include="src\Network\NetLog.h">
      <Filter>Network</Filter>
    </ClInclude>
    <ClInclude Include="src\Network\NetLink.h">
      <Filter>Network</Filter>
    </ClInclude>
    <ClInclude Include="src\Network\NetGate.h">
      <Filter>Network</Filter>
    </ClInclude>
    <ClInclude Include="src\Network\NetWorker.h">
      <Filter>Network</Filter>
    </ClInclude>
    <ClInclude Include="src\Network\Steam\SteamWatch.h">
      <Filter>Network\Steam</Filter>
    </ClInclude>
    <ClInclude Include="src\Network\Steam\SteamLink.h">
      <Filter>Network\Steam</Filter>
    </ClInclude>
    <ClInclude Include="src\Network\GgpoLogCapture.h">
      <Filter>Network</Filter>
    </ClInclude>
    <ClInclude Include="src\Core\Boot\CrashContext.h">
      <Filter>Core\Boot</Filter>
    </ClInclude>
    <ClInclude Include="src\Game\Audio\BgmTable.h">
      <Filter>Game\Audio</Filter>
    </ClInclude>
    <ClInclude Include="src\Game\Audio\BgmVolume.h">
      <Filter>Game\Audio</Filter>
    </ClInclude>
    <ClInclude Include="src\Game\Audio\AudioFile.h">
      <Filter>Game\Audio</Filter>
    </ClInclude>
    <ClInclude Include="src\Game\Audio\OggWriter.h">
      <Filter>Game\Audio</Filter>
    </ClInclude>
    <ClInclude Include="src\Game\Audio\MusicRefresh.h">
      <Filter>Game\Audio</Filter>
    </ClInclude>
    <ClInclude Include="src\Core\FileIndex.h">
      <Filter>Core</Filter>
    </ClInclude>
    <ClInclude Include="src\Game\Battle\BalanceRules.h">
      <Filter>Game\Battle</Filter>
    </ClInclude>
    <ClInclude Include="src\Game\Battle\ScreenShake.h">
      <Filter>Game\Battle</Filter>
    </ClInclude>
    <ClInclude Include="src\Game\Menus\MenuInput.h">
      <Filter>Game\Menus</Filter>
    </ClInclude>
    <ClInclude Include="src\Game\Menus\TrainingMenu.h">
      <Filter>Game\Menus</Filter>
    </ClInclude>
    <ClInclude Include="src\Game\Files\DataSearchPath.h">
      <Filter>Game\Files</Filter>
    </ClInclude>
    <ClInclude Include="src\Game\Patches\GamePatches.h">
      <Filter>Game\Patches</Filter>
    </ClInclude>
    <ClInclude Include="src\Game\Patches\PatchLibrary.h">
      <Filter>Game\Patches</Filter>
    </ClInclude>
    <ClInclude Include="src\Overlay\Windows\PatchWindow.h">
      <Filter>Overlay\Windows</Filter>
    </ClInclude>
    <ClInclude Include="src\Game\Audio\UserMusic.h">
      <Filter>Game\Audio</Filter>
    </ClInclude>
    <ClInclude Include="src\Game\Audio\SeListFile.h">
      <Filter>Game\Audio</Filter>
    </ClInclude>
    <ClInclude Include="src\Game\Audio\SoundPacks.h">
      <Filter>Game\Audio</Filter>
    </ClInclude>
    <ClInclude Include="src\Game\Audio\CharaSounds.h">
      <Filter>Game\Audio</Filter>
    </ClInclude>
    <ClInclude Include="src\Game\Files\GameArchive.h">
      <Filter>Game\Files</Filter>
    </ClInclude>
    <ClInclude Include="src\Game\Audio\SeList.h">
      <Filter>Game\Audio</Filter>
    </ClInclude>
    <ClInclude Include="src\Game\Audio\VoiceImport.h">
      <Filter>Game\Audio</Filter>
    </ClInclude>
    <ClInclude Include="src\Game\Audio\VoiceMap.h">
      <Filter>Game\Audio</Filter>
    </ClInclude>
    <ClInclude Include="src\Game\Audio\OggReader.h">
      <Filter>Game\Audio</Filter>
    </ClInclude>
    <ClInclude Include="src\Game\Audio\PcmSink.h">
      <Filter>Game\Audio</Filter>
    </ClInclude>
    <ClInclude Include="src\Game\Audio\SoundsReadme.h">
      <Filter>Game\Audio</Filter>
    </ClInclude>
    <ClInclude Include="src\Core\SoundOutput.h">
      <Filter>Core</Filter>
    </ClInclude>
    <ClInclude Include="src\Game\Audio\SoundpackBuilder.h">
      <Filter>Game\Audio</Filter>
    </ClInclude>
    <ClInclude Include="src\Game\Audio\BgmLibrary.h">
      <Filter>Game\Audio</Filter>
    </ClInclude>
    <ClInclude Include="src\Game\Files\ModFiles.h">
      <Filter>Game\Files</Filter>
    </ClInclude>
    <ClInclude Include="src\Game\Audio\OstImport.h">
      <Filter>Game\Audio</Filter>
    </ClInclude>
    <ClInclude Include="src\Game\Stages\BgListOverride.h">
      <Filter>Game\Stages</Filter>
    </ClInclude>
    <ClInclude Include="src\Game\Stages\BgObjectFix.h">
      <Filter>Game\Stages</Filter>
    </ClInclude>
    <ClInclude Include="src\Game\Stages\Bbtag\BbtagArt.h">
      <Filter>Game\Stages\Bbtag</Filter>
    </ClInclude>
    <ClInclude Include="src\Game\Stages\Bbtag\BbtagCrypt.h">
      <Filter>Game\Stages\Bbtag</Filter>
    </ClInclude>
    <ClInclude Include="src\Game\Stages\Bbtag\BbtagMmot.h">
      <Filter>Game\Stages\Bbtag</Filter>
    </ClInclude>
    <ClInclude Include="src\Game\Stages\Bbtag\BbtagMua.h">
      <Filter>Game\Stages\Bbtag</Filter>
    </ClInclude>
    <ClInclude Include="src\Game\Stages\Bbtag\BbtagPac.h">
      <Filter>Game\Stages\Bbtag</Filter>
    </ClInclude>
    <ClInclude Include="src\Game\Stages\Bbtag\BbtagScript.h">
      <Filter>Game\Stages\Bbtag</Filter>
    </ClInclude>
    <ClInclude Include="src\Game\Stages\Bbtag\BbtagStage.h">
      <Filter>Game\Stages\Bbtag</Filter>
    </ClInclude>
    <ClInclude Include="src\Game\Stages\FbxExWriter.h">
      <Filter>Game\Stages</Filter>
    </ClInclude>
    <ClInclude Include="src\Game\Stages\Bbtag\BbtagPaths.inc">
      <Filter>Game\Stages\Bbtag</Filter>
    </ClInclude>
    <ClInclude Include="src\Game\Stages\BgClear.h">
      <Filter>Game\Stages</Filter>
    </ClInclude>
    <ClInclude Include="src\Game\Stages\BgMipmaps.h">
      <Filter>Game\Stages</Filter>
    </ClInclude>
    <ClInclude Include="src\Game\Stages\DxtMips.h">
      <Filter>Game\Stages</Filter>
    </ClInclude>
    <ClInclude Include="src\Game\Stages\StagePlacement.h">
      <Filter>Game\Stages</Filter>
    </ClInclude>
    <ClInclude Include="src\Game\Stages\StageSettingKey.h">
      <Filter>Game\Stages</Filter>
    </ClInclude>
    <ClInclude Include="src\Game\Stages\BgVertexProbe.h">
      <Filter>Game\Stages</Filter>
    </ClInclude>
    <ClInclude Include="src\Game\Stages\BgGrade.h">
      <Filter>Game\Stages</Filter>
    </ClInclude>
    <ClInclude Include="src\Game\Stages\BgShaderText.h">
      <Filter>Game\Stages</Filter>
    </ClInclude>
    <ClInclude Include="src\Game\Files\FbGameFolder.h">
      <Filter>Game\Files</Filter>
    </ClInclude>
    <ClInclude Include="src\Game\Stages\FbxAscii.h">
      <Filter>Game\Stages</Filter>
    </ClInclude>
    <ClInclude Include="src\Game\Stages\BgCeiling.h">
      <Filter>Game\Stages</Filter>
    </ClInclude>
    <ClInclude Include="src\Game\Stages\FbxExLocal.h">
      <Filter>Game\Stages</Filter>
    </ClInclude>
    <ClInclude Include="src\Game\Stages\FbxToFbxEx.h">
      <Filter>Game\Stages</Filter>
    </ClInclude>
    <ClInclude Include="src\Game\Files\MbtlCipher.h">
      <Filter>Game\Files</Filter>
    </ClInclude>
    <ClInclude Include="src\Game\Files\UnielCipher.h">
      <Filter>Game\Files</Filter>
    </ClInclude>
    <ClInclude Include="src\Game\Stages\StageArchive.h">
      <Filter>Game\Stages</Filter>
    </ClInclude>
    <ClInclude Include="src\Game\Stages\StageImport.h">
      <Filter>Game\Stages</Filter>
    </ClInclude>
    <ClInclude Include="src\Game\Stages\BgRecord.h">
      <Filter>Game\Stages</Filter>
    </ClInclude>
    <ClInclude Include="src\Game\Stages\StageLibrary.h">
      <Filter>Game\Stages</Filter>
    </ClInclude>
    <ClInclude Include="src\Game\Stages\StageNote.h">
      <Filter>Game\Stages</Filter>
    </ClInclude>
    <ClInclude Include="src\Game\Stages\StageReplacements.h">
      <Filter>Game\Stages</Filter>
    </ClInclude>
    <ClInclude Include="src\Game\Stages\StageThumb.h">
      <Filter>Game\Stages</Filter>
    </ClInclude>
    <ClInclude Include="src\Game\Stages\StageObjects.h">
      <Filter>Game\Stages</Filter>
    </ClInclude>
    <ClInclude Include="src\Game\Stages\StageCards.h">
      <Filter>Game\Stages</Filter>
    </ClInclude>
    <ClInclude Include="src\Game\Engine\PlayerHealth.h">
      <Filter>Game\Engine</Filter>
    </ClInclude>
    <ClInclude Include="src\Game\Battle\CharaTint.h">
      <Filter>Game\Battle</Filter>
    </ClInclude>
    <ClInclude Include="src\Game\Menus\BattleCockpit.h">
      <Filter>Game\Menus</Filter>
    </ClInclude>
    <ClInclude Include="src\Overlay\Hud\HealthReadout.h">
      <Filter>Overlay\Hud</Filter>
    </ClInclude>
    <ClInclude Include="src\Overlay\Panels\RestartPrompt.h">
      <Filter>Overlay\Panels</Filter>
    </ClInclude>
    <ClInclude Include="src\Overlay\Panels\StagesPanel.h">
      <Filter>Overlay\Panels</Filter>
    </ClInclude>
    <ClInclude Include="src\Overlay\Windows\StagesWindow.h">
      <Filter>Overlay\Windows</Filter>
    </ClInclude>
    <ClInclude Include="src\Game\Audio\OstPac.h">
      <Filter>Game\Audio</Filter>
    </ClInclude>
    <ClInclude Include="src\Game\Audio\OstUniNames.h">
      <Filter>Game\Audio</Filter>
    </ClInclude>
    <ClInclude Include="src\Game\Audio\SoundpackTransfer.h">
      <Filter>Game\Audio</Filter>
    </ClInclude>
    <ClInclude Include="src\Core\Formats\ZipArchive.h">
      <Filter>Core\Formats</Filter>
    </ClInclude>
    <ClInclude Include="src\Game\Audio\BgmNames.h">
      <Filter>Game\Audio</Filter>
    </ClInclude>
    <ClInclude Include="src\Game\Audio\BgmRules.h">
      <Filter>Game\Audio</Filter>
    </ClInclude>
    <ClInclude Include="src\Game\Audio\BgmThemes.h">
      <Filter>Game\Audio</Filter>
    </ClInclude>
    <ClInclude Include="src\Game\Audio\BgmTableFile.h">
      <Filter>Game\Audio</Filter>
    </ClInclude>
    <ClInclude Include="src\Game\Audio\BgmCatalog.h">
      <Filter>Game\Audio</Filter>
    </ClInclude>
    <ClInclude Include="src\Game\Audio\BgmControl.h">
      <Filter>Game\Audio</Filter>
    </ClInclude>
    <ClInclude Include="src\Game\Lobby\OpponentLog.h">
      <Filter>Game\Lobby</Filter>
    </ClInclude>
    <ClInclude Include="src\Network\Steam\SteamInterfaces.h">
      <Filter>Network\Steam</Filter>
    </ClInclude>
    <ClInclude Include="src\Network\RollbackStats.h">
      <Filter>Network</Filter>
    </ClInclude>
    <ClInclude Include="src\Network\RoomRoster.h">
      <Filter>Network</Filter>
    </ClInclude>
    <ClInclude Include="src\Network\ModPresence.h">
      <Filter>Network</Filter>
    </ClInclude>
    <ClInclude Include="src\Network\PlayerCount.h">
      <Filter>Network</Filter>
    </ClInclude>
    <ClInclude Include="src\Network\RoomPing.h">
      <Filter>Network</Filter>
    </ClInclude>
    <ClInclude Include="src\Network\NetplayTick.h">
      <Filter>Network</Filter>
    </ClInclude>
    <ClInclude Include="src\Overlay\Windows\NetplayWindow.h">
      <Filter>Overlay\Windows</Filter>
    </ClInclude>
    <ClInclude Include="src\Overlay\Panels\MusicPanel.h">
      <Filter>Overlay\Panels</Filter>
    </ClInclude>
    <ClInclude Include="src\Overlay\Windows\MusicWindow.h">
      <Filter>Overlay\Windows</Filter>
    </ClInclude>
    <ClInclude Include="src\Overlay\Windows\SoundWindow.h">
      <Filter>Overlay\Windows</Filter>
    </ClInclude>
    <ClInclude Include="src\Overlay\Windows\ThemeWindow.h">
      <Filter>Overlay\Windows</Filter>
    </ClInclude>
    <ClInclude Include="src\Core\Config\settings.def">
      <Filter>Core\Config</Filter>
    </ClInclude>
    <ClInclude Include="src\Core\logger.h">
      <Filter>Core</Filter>
    </ClInclude>
    <ClInclude Include="src\Core\Boot\Compat.h">
      <Filter>Core\Boot</Filter>
    </ClInclude>
    <ClInclude Include="src\Core\Formats\Deflate.h">
      <Filter>Core\Formats</Filter>
    </ClInclude>
    <ClInclude Include="src\Core\Formats\PngImage.h">
      <Filter>Core\Formats</Filter>
    </ClInclude>
    <ClInclude Include="src\Core\DpiScaling.h">
      <Filter>Core</Filter>
    </ClInclude>
    <ClInclude Include="src\Core\Boot\crashdump.h">
      <Filter>Core\Boot</Filter>
    </ClInclude>
    <ClInclude Include="src\Core\Boot\ModuleInventory.h">
      <Filter>Core\Boot</Filter>
    </ClInclude>
    <ClInclude Include="src\Core\utils.h">
      <Filter>Core</Filter>
    </ClInclude>
    <ClInclude Include="src\Core\AsyncFileDialog.h">
      <Filter>Core</Filter>
    </ClInclude>
    <ClInclude Include="src\Core\Formats\TextEncoding.h">
      <Filter>Core\Formats</Filter>
    </ClInclude>
    <ClInclude Include="src\Core\Input\KeyboardCapture.h">
      <Filter>Core\Input</Filter>
    </ClInclude>
    <ClInclude Include="src\Core\Config\keycodes.h">
      <Filter>Core\Config</Filter>
    </ClInclude>
    <ClInclude Include="src\Core\Config\Hotkeys.h">
      <Filter>Core\Config</Filter>
    </ClInclude>
    <ClInclude Include="src\Core\Input\PadInput.h">
      <Filter>Core\Input</Filter>
    </ClInclude>
    <ClInclude Include="src\Core\Config\interfaces.h">
      <Filter>Core\Config</Filter>
    </ClInclude>
    <ClInclude Include="src\Core\info.h">
      <Filter>Core</Filter>
    </ClInclude>
    <ClInclude Include="src\Hooks\HookManager.h">
      <Filter>Hooks</Filter>
    </ClInclude>
    <ClInclude Include="src\Hooks\hooks_input.h">
      <Filter>Hooks</Filter>
    </ClInclude>
    <ClInclude Include="src\Hooks\InputProbe.h">
      <Filter>Hooks</Filter>
    </ClInclude>
    <ClInclude Include="src\D3D9\Device\D3D9Proxy.h">
      <Filter>D3D9\Device</Filter>
    </ClInclude>
    <ClInclude Include="src\D3D9\Device\D3D9Wrapper.h">
      <Filter>D3D9\Device</Filter>
    </ClInclude>
    <ClInclude Include="src\D3D9\Device\DeviceHooks.h">
      <Filter>D3D9\Device</Filter>
    </ClInclude>
    <ClInclude Include="src\D3D9\Draw\FrozenFrame.h">
      <Filter>D3D9\Draw</Filter>
    </ClInclude>
    <ClInclude Include="src\Overlay\Framework\WindowManager.h">
      <Filter>Overlay\Framework</Filter>
    </ClInclude>
    <ClInclude Include="src\Overlay\Hud\NotificationBar.h">
      <Filter>Overlay\Hud</Filter>
    </ClInclude>
    <ClInclude Include="src\Overlay\Widgets\UiText.h">
      <Filter>Overlay\Widgets</Filter>
    </ClInclude>
    <ClInclude Include="src\Overlay\Widgets\UiScale.h">
      <Filter>Overlay\Widgets</Filter>
    </ClInclude>
    <ClInclude Include="src\Overlay\Widgets\OverlayFont.h">
      <Filter>Overlay\Widgets</Filter>
    </ClInclude>
    <ClInclude Include="src\Overlay\Widgets\PlatePreview.h">
      <Filter>Overlay\Widgets</Filter>
    </ClInclude>
    <ClInclude Include="src\Overlay\Widgets\ComboNav.h">
      <Filter>Overlay\Widgets</Filter>
    </ClInclude>
    <ClInclude Include="src\Overlay\Widgets\CharaPreview.h">
      <Filter>Overlay\Widgets</Filter>
    </ClInclude>
    <ClInclude Include="src\Overlay\Framework\IWindow.h">
      <Filter>Overlay\Framework</Filter>
    </ClInclude>
    <ClInclude Include="src\Overlay\Windows\MainWindow.h">
      <Filter>Overlay\Windows</Filter>
    </ClInclude>
    <ClInclude Include="src\Overlay\Panels\PlayerCardPanel.h">
      <Filter>Overlay\Panels</Filter>
    </ClInclude>
    <ClInclude Include="src\Overlay\Panels\ColorCustomizePanel.h">
      <Filter>Overlay\Panels</Filter>
    </ClInclude>
    <ClInclude Include="src\Overlay\Windows\PaletteWindow.h">
      <Filter>Overlay\Windows</Filter>
    </ClInclude>
    <ClInclude Include="src\Game\Customize\PlayerCard.h">
      <Filter>Game\Customize</Filter>
    </ClInclude>
    <ClInclude Include="src\Game\Customize\PlateCatalog.h">
      <Filter>Game\Customize</Filter>
    </ClInclude>
    <ClInclude Include="src\Game\Customize\ColorCustomize.h">
      <Filter>Game\Customize</Filter>
    </ClInclude>
    <ClInclude Include="src\Game\Customize\ColorOverride.h">
      <Filter>Game\Customize</Filter>
    </ClInclude>
    <ClInclude Include="src\Game\Customize\LivePalette.h">
      <Filter>Game\Customize</Filter>
    </ClInclude>
    <ClInclude Include="src\Game\Customize\PngPalette.h">
      <Filter>Game\Customize</Filter>
    </ClInclude>
    <ClInclude Include="src\Game\Customize\CgImage.h">
      <Filter>Game\Customize</Filter>
    </ClInclude>
    <ClInclude Include="src\Game\Customize\PatParts.h">
      <Filter>Game\Customize</Filter>
    </ClInclude>
    <ClInclude Include="src\Game\Battle\ScriptReload.h">
      <Filter>Game\Battle</Filter>
    </ClInclude>
    <ClInclude Include="src\Game\Engine\SaveData.h">
      <Filter>Game\Engine</Filter>
    </ClInclude>
    <ClInclude Include="src\Game\Engine\SceneWatch.h">
      <Filter>Game\Engine</Filter>
    </ClInclude>
    <ClInclude Include="src\Game\Menus\CharaSelectProbe.h">
      <Filter>Game\Menus</Filter>
    </ClInclude>
    <ClInclude Include="src\Game\Menus\CharaSelectState.h">
      <Filter>Game\Menus</Filter>
    </ClInclude>
    <ClInclude Include="src\Screens\CharaGrid.h">
      <Filter>Screens</Filter>
    </ClInclude>
    <ClInclude Include="src\Screens\PatFile.h">
      <Filter>Screens</Filter>
    </ClInclude>
    <ClInclude Include="src\Screens\PatTextures.h">
      <Filter>Screens</Filter>
    </ClInclude>
    <ClInclude Include="src\Screens\PatPainter.h">
      <Filter>Screens</Filter>
    </ClInclude>
    <ClInclude Include="src\Screens\ScreenTheme.h">
      <Filter>Screens</Filter>
    </ClInclude>
    <ClInclude Include="src\Screens\ScreenDirector.h">
      <Filter>Screens</Filter>
    </ClInclude>
    <ClInclude Include="src\Game\Customize\ColorPartTable.h">
      <Filter>Game\Customize</Filter>
    </ClInclude>
    <ClInclude Include="src\Game\Customize\StockPalettes.h">
      <Filter>Game\Customize</Filter>
    </ClInclude>
    <ClInclude Include="src\Game\Tables\UsedEntryTable.h">
      <Filter>Game\Tables</Filter>
    </ClInclude>
    <ClInclude Include="src\Overlay\Windows\DebugWindow.h">
      <Filter>Overlay\Windows</Filter>
    </ClInclude>
    <ClInclude Include="src\Game\Engine\MemoryMap.h">
      <Filter>Game\Engine</Filter>
    </ClInclude>
    <ClInclude Include="src\Game\Engine\CharaTracker.h">
      <Filter>Game\Engine</Filter>
    </ClInclude>
    <ClInclude Include="src\Game\Engine\HitboxData.h">
      <Filter>Game\Engine</Filter>
    </ClInclude>
    <ClInclude Include="src\Game\Engine\Camera.h">
      <Filter>Game\Engine</Filter>
    </ClInclude>
    <ClInclude Include="src\Game\Battle\GameRestart.h">
      <Filter>Game\Battle</Filter>
    </ClInclude>
    <ClInclude Include="src\Game\Engine\GameState.h">
      <Filter>Game\Engine</Filter>
    </ClInclude>
    <ClInclude Include="src\Game\Engine\OnlineState.h">
      <Filter>Game\Engine</Filter>
    </ClInclude>
    <ClInclude Include="src\Game\Engine\MemoryScanner.h">
      <Filter>Game\Engine</Filter>
    </ClInclude>
    <ClInclude Include="src\Network\Steam\SteamNetwork.h">
      <Filter>Network\Steam</Filter>
    </ClInclude>
    <ClInclude Include="src\Network\PaletteShare.h">
      <Filter>Network</Filter>
    </ClInclude>
    <ClInclude Include="src\Network\ModChannel.h">
      <Filter>Network</Filter>
    </ClInclude>
    <ClInclude Include="src\Network\ModHandshake.h">
      <Filter>Network</Filter>
    </ClInclude>
    <ClInclude Include="src\Network\MatchKind.h">
      <Filter>Network</Filter>
    </ClInclude>
    <ClInclude Include="src\Network\OnlinePatch.h">
      <Filter>Network</Filter>
    </ClInclude>
    <ClInclude Include="src\Game\Battle\BattleDataReload.h">
      <Filter>Game\Battle</Filter>
    </ClInclude>
    <ClInclude Include="src\Palette\PaletteBinder.h">
      <Filter>Palette</Filter>
    </ClInclude>
    <ClInclude Include="src\Palette\PaletteDrawProbe.h">
      <Filter>Palette</Filter>
    </ClInclude>
    <ClInclude Include="src\Palette\PaletteOwnerProbe.h">
      <Filter>Palette</Filter>
    </ClInclude>
    <ClInclude Include="src\Palette\PaletteSeat.h">
      <Filter>Palette</Filter>
    </ClInclude>
    <ClInclude Include="src\Palette\PaletteControl.h">
      <Filter>Palette</Filter>
    </ClInclude>
    <ClInclude Include="src\Palette\PaletteChoice.h">
      <Filter>Palette</Filter>
    </ClInclude>
    <ClInclude Include="src\Palette\EffectOwner.h">
      <Filter>Palette</Filter>
    </ClInclude>
    <ClInclude Include="src\Palette\PlayerSides.h">
      <Filter>Palette</Filter>
    </ClInclude>
    <ClInclude Include="src\Palette\EffectPaint.h">
      <Filter>Palette</Filter>
    </ClInclude>
    <ClInclude Include="src\Palette\PalettePaint.h">
      <Filter>Palette</Filter>
    </ClInclude>
    <ClInclude Include="src\Palette\PaletteIdentity.h">
      <Filter>Palette</Filter>
    </ClInclude>
    <ClInclude Include="src\Palette\PaletteMemory.h">
      <Filter>Palette</Filter>
    </ClInclude>
    <ClInclude Include="src\Palette\PaletteTexture.h">
      <Filter>Palette</Filter>
    </ClInclude>
    <ClInclude Include="src\Palette\PaletteFile.h">
      <Filter>Palette</Filter>
    </ClInclude>
    <ClInclude Include="src\Palette\PaletteLibrary.h">
      <Filter>Palette</Filter>
    </ClInclude>
    <ClInclude Include="src\Palette\PaletteManager.h">
      <Filter>Palette</Filter>
    </ClInclude>
    <ClInclude Include="src\Palette\PaletteReport.h">
      <Filter>Palette</Filter>
    </ClInclude>
    <ClInclude Include="src\Palette\PaletteTrace.h">
      <Filter>Palette</Filter>
    </ClInclude>
    <ClInclude Include="src\Game\Tables\CharaTables.h">
      <Filter>Game\Tables</Filter>
    </ClInclude>
    <ClInclude Include="src\Game\Tables\OfferedEntries.h">
      <Filter>Game\Tables</Filter>
    </ClInclude>
    <ClInclude Include="src\Game\Tables\PartColourTable.h">
      <Filter>Game\Tables</Filter>
    </ClInclude>
    <ClInclude Include="src\Game\Tables\EffectTable.h">
      <Filter>Game\Tables</Filter>
    </ClInclude>
    <ClInclude Include="src\Game\Customize\PartName.h">
      <Filter>Game\Customize</Filter>
    </ClInclude>
    <ClInclude Include="src\Game\Tables\FrameDataTable.h">
      <Filter>Game\Tables</Filter>
    </ClInclude>
    <ClInclude Include="src\Game\Tables\GameTables.h">
      <Filter>Game\Tables</Filter>
    </ClInclude>
    <ClInclude Include="src\Game\Engine\PlayerState.h">
      <Filter>Game\Engine</Filter>
    </ClInclude>
    <ClInclude Include="src\Game\Replays\ReplayState.h">
      <Filter>Game\Replays</Filter>
    </ClInclude>
    <ClInclude Include="src\Game\Lobby\SteamNames.h">
      <Filter>Game\Lobby</Filter>
    </ClInclude>
    <ClInclude Include="src\Training\FrameStepper.h">
      <Filter>Training</Filter>
    </ClInclude>
    <ClInclude Include="src\Training\StopTime.h">
      <Filter>Training</Filter>
    </ClInclude>
    <ClInclude Include="src\Training\StageColor.h">
      <Filter>Training</Filter>
    </ClInclude>
    <ClInclude Include="src\Training\Dummy\DummyScript.h">
      <Filter>Training\Dummy</Filter>
    </ClInclude>
    <ClInclude Include="src\Training\Meter\StateRecorder.h">
      <Filter>Training\Meter</Filter>
    </ClInclude>
    <ClInclude Include="src\Training\Dummy\DummyRecorder.h">
      <Filter>Training\Dummy</Filter>
    </ClInclude>
    <ClInclude Include="src\Training\Meter\FrameMeter.h">
      <Filter>Training\Meter</Filter>
    </ClInclude>
    <ClInclude Include="src\Training\Meter\SuperFlash.h">
      <Filter>Training\Meter</Filter>
    </ClInclude>
    <ClInclude Include="src\Training\TrainingSave.h">
      <Filter>Training</Filter>
    </ClInclude>
    <ClInclude Include="src\Overlay\Hud\FrameMeterHud.h">
      <Filter>Overlay\Hud</Filter>
    </ClInclude>
    <ClInclude Include="src\Overlay\Hud\GrdPopupHud.h">
      <Filter>Overlay\Hud</Filter>
    </ClInclude>
    <ClInclude Include="src\Training\Meter\GrdWatch.h">
      <Filter>Training\Meter</Filter>
    </ClInclude>
    <ClInclude Include="src\D3D9\Draw\DdsTexture.h">
      <Filter>D3D9\Draw</Filter>
    </ClInclude>
    <ClInclude Include="src\D3D9\Draw\QuadRenderer.h">
      <Filter>D3D9\Draw</Filter>
    </ClInclude>
    <ClInclude Include="src\D3D9\Draw\GameFont.h">
      <Filter>D3D9\Draw</Filter>
    </ClInclude>
    <ClInclude Include="src\Overlay\Windows\FrameMeterLegendWindow.h">
      <Filter>Overlay\Windows</Filter>
    </ClInclude>
    <ClInclude Include="src\Overlay\Guides\FrameMeterLegend.h">
      <Filter>Overlay\Guides</Filter>
    </ClInclude>
    <ClInclude Include="src\Overlay\Guides\GuideContent.h">
      <Filter>Overlay\Guides</Filter>
    </ClInclude>
    <ClInclude Include="src\Overlay\Native\GuideScreen.h">
      <Filter>Overlay\Native</Filter>
    </ClInclude>
    <ClInclude Include="src\Overlay\Native\TrainingMenuItems.h">
      <Filter>Overlay\Native</Filter>
    </ClInclude>
    <ClInclude Include="src\Overlay\Windows\DummyScriptGuideWindow.h">
      <Filter>Overlay\Windows</Filter>
    </ClInclude>
    <ClInclude Include="src\Overlay\Windows\HitboxLegendWindow.h">
      <Filter>Overlay\Windows</Filter>
    </ClInclude>
    <ClInclude Include="src\Overlay\Windows\PlayerControlWindow.h">
      <Filter>Overlay\Windows</Filter>
    </ClInclude>
    <ClInclude Include="src\Overlay\Windows\UpdateNotifierWindow.h">
      <Filter>Overlay\Windows</Filter>
    </ClInclude>
    <ClInclude Include="src\Web\UpdateCheck.h">
      <Filter>Web</Filter>
    </ClInclude>
    <ClInclude Include="src\Training\Dummy\PlayerControl.h">
      <Filter>Training\Dummy</Filter>
    </ClInclude>
    <ClInclude Include="src\Training\Dummy\InputFrame.h">
      <Filter>Training\Dummy</Filter>
    </ClInclude>
    <ClInclude Include="src\Training\Meter\InputLagMeter.h">
      <Filter>Training\Meter</Filter>
    </ClInclude>
    <ClInclude Include="src\Overlay\Windows\PaletteEditorWindow.h">
      <Filter>Overlay\Windows</Filter>
    </ClInclude>
    <ClInclude Include="src\Overlay\Windows\HitboxOverlay.h">
      <Filter>Overlay\Windows</Filter>
    </ClInclude>
    <ClInclude Include="src\Core\Profiler.h">
      <Filter>Core</Filter>
    </ClInclude>
    <ClInclude Include="src\Core\Config\default_ini.h">
      <Filter>Core\Config</Filter>
    </ClInclude>
    <ClInclude Include="src\Core\Boot\ProcessTuning.h">
      <Filter>Core\Boot</Filter>
    </ClInclude>
    <ClInclude Include="src\D3D9\Device\PresentTuning.h">
      <Filter>D3D9\Device</Filter>
    </ClInclude>
    <ClInclude Include="src\D3D9\Device\SceneScale.h">
      <Filter>D3D9\Device</Filter>
    </ClInclude>
    <ClInclude Include="src\D3D9\Draw\DrawTrace.h">
      <Filter>D3D9\Draw</Filter>
    </ClInclude>
    <ClInclude Include="src\D3D9\Draw\DrawQueueProbe.h">
      <Filter>D3D9\Draw</Filter>
    </ClInclude>
    <ClInclude Include="src\D3D9\Draw\DrawQueue.h">
      <Filter>D3D9\Draw</Filter>
    </ClInclude>
    <ClInclude Include="src\D3D9\Draw\QueuedQuad.h">
      <Filter>D3D9\Draw</Filter>
    </ClInclude>
    <ClInclude Include="src\D3D9\Post\SceneUpscale.h">
      <Filter>D3D9\Post</Filter>
    </ClInclude>
    <ClInclude Include="src\D3D9\Post\Shaders\SceneUpscaleShader.h">
      <Filter>D3D9\Post\Shaders</Filter>
    </ClInclude>
    <ClInclude Include="src\D3D9\Post\DeviceState.h">
      <Filter>D3D9\Post</Filter>
    </ClInclude>
    <ClInclude Include="src\D3D9\Post\ScratchTarget.h">
      <Filter>D3D9\Post</Filter>
    </ClInclude>
    <ClInclude Include="src\D3D9\Post\FullScreenPass.h">
      <Filter>D3D9\Post</Filter>
    </ClInclude>
    <ClInclude Include="src\D3D9\Post\UpscaleFilter.h">
      <Filter>D3D9\Post</Filter>
    </ClInclude>
    <ClInclude Include="src\D3D9\Post\PostOptions.h">
      <Filter>D3D9\Post</Filter>
    </ClInclude>
    <ClInclude Include="src\D3D9\Post\PostChain.h">
      <Filter>D3D9\Post</Filter>
    </ClInclude>
    <ClInclude Include="src\D3D9\Post\BundledShaders.h">
      <Filter>D3D9\Post</Filter>
    </ClInclude>
    <ClInclude Include="src\D3D9\Post\ShaderPack.h">
      <Filter>D3D9\Post</Filter>
    </ClInclude>
    <ClInclude Include="src\D3D9\Post\ShaderSource.h">
      <Filter>D3D9\Post</Filter>
    </ClInclude>
    <ClInclude Include="src\D3D9\Post\Shaders\BicubicShader.h">
      <Filter>D3D9\Post\Shaders</Filter>
    </ClInclude>
    <ClInclude Include="src\D3D9\Post\Shaders\LanczosShader.h">
      <Filter>D3D9\Post\Shaders</Filter>
    </ClInclude>
    <ClInclude Include="src\D3D9\Post\Shaders\FxaaShader.h">
      <Filter>D3D9\Post\Shaders</Filter>
    </ClInclude>
    <ClInclude Include="src\D3D9\Post\Shaders\RcasShader.h">
      <Filter>D3D9\Post\Shaders</Filter>
    </ClInclude>
    <ClInclude Include="src\D3D9\Post\Shaders\LookShader.h">
      <Filter>D3D9\Post\Shaders</Filter>
    </ClInclude>
    <ClInclude Include="src\D3D9\Post\Shaders\BloomBrightShader.h">
      <Filter>D3D9\Post\Shaders</Filter>
    </ClInclude>
    <ClInclude Include="src\D3D9\Post\Shaders\BloomBlurShader.h">
      <Filter>D3D9\Post\Shaders</Filter>
    </ClInclude>
    <ClInclude Include="src\D3D9\Post\Shaders\BloomMixShader.h">
      <Filter>D3D9\Post\Shaders</Filter>
    </ClInclude>
    <ClInclude Include="src\D3D9\Post\Shaders\SharpenShader.h">
      <Filter>D3D9\Post\Shaders</Filter>
    </ClInclude>
    <ClInclude Include="src\Game\Display\EngineQuality.h">
      <Filter>Game\Display</Filter>
    </ClInclude>
    <ClInclude Include="src\Game\Stages\ExtraStages.h">
      <Filter>Game\Stages</Filter>
    </ClInclude>
    <ClInclude Include="src\Game\Stages\OnlineStage.h">
      <Filter>Game\Stages</Filter>
    </ClInclude>
    <ClInclude Include="src\Game\Display\Improvements.h">
      <Filter>Game\Display</Filter>
    </ClInclude>
    <ClInclude Include="src\Game\Battle\KeyboardSeat.h">
      <Filter>Game\Battle</Filter>
    </ClInclude>
    <ClInclude Include="src\Game\Display\PotatoMode.h">
      <Filter>Game\Display</Filter>
    </ClInclude>
    <ClInclude Include="src\Game\Replays\ReplayArchive.h">
      <Filter>Game\Replays</Filter>
    </ClInclude>
    <ClInclude Include="src\Game\Replays\ReplayFiles.h">
      <Filter>Game\Replays</Filter>
    </ClInclude>
    <ClInclude Include="src\Game\Display\PresentSize.h">
      <Filter>Game\Display</Filter>
    </ClInclude>
    <ClInclude Include="src\Game\Display\PumpWait.h">
      <Filter>Game\Display</Filter>
    </ClInclude>
    <ClInclude Include="src\Game\Files\DataArchive.h">
      <Filter>Game\Files</Filter>
    </ClInclude>
    <ClInclude Include="src\Game\Menus\UiAssets.h">
      <Filter>Game\Menus</Filter>
    </ClInclude>
    <ClInclude Include="src\Overlay\Windows\PerformanceWindow.h">
      <Filter>Overlay\Windows</Filter>
    </ClInclude>
    <ClInclude Include="src\Overlay\Panels\GraphicsPanel.h">
      <Filter>Overlay\Panels</Filter>
    </ClInclude>
    <ClInclude Include="src\Game\Engine\GameOffsets.h">
      <Filter>Game\Engine</Filter>
    </ClInclude>
    <ClInclude Include="src\Overlay\Framework\WindowContainer.h">
      <Filter>Overlay\Framework</Filter>
    </ClInclude>
    <ClInclude Include="src\Overlay\Framework\WindowType.h">
      <Filter>Overlay\Framework</Filter>
    </ClInclude>
    <ClInclude Include="src\Core\Boot\Modules.h">
      <Filter>Core\Boot</Filter>
    </ClInclude>
    <ClInclude Include="src\Game\Audio\BgmTitles.inc">
      <Filter>Game\Audio</Filter>
    </ClInclude>
    <ClInclude Include="src\Game\Audio\OstDfciScenes.inc">
      <Filter>Game\Audio</Filter>
    </ClInclude>
    <ClInclude Include="src\Game\Audio\OstDfciTracks.inc">
      <Filter>Game\Audio</Filter>
    </ClInclude>
    <ClInclude Include="src\Game\Audio\OstMbaaScenes.inc">
      <Filter>Game\Audio</Filter>
    </ClInclude>
    <ClInclude Include="src\Game\Audio\OstMbaaTracks.inc">
      <Filter>Game\Audio</Filter>
    </ClInclude>
    <ClInclude Include="src\Game\Audio\OstMbtlIndex.inc">
      <Filter>Game\Audio</Filter>
    </ClInclude>
    <ClInclude Include="src\Game\Audio\OstMbtlKey.inc">
      <Filter>Game\Audio</Filter>
    </ClInclude>
    <ClInclude Include="src\Game\Audio\OstMbtlScenes.inc">
      <Filter>Game\Audio</Filter>
    </ClInclude>
    <ClInclude Include="src\Game\Audio\OstMbtlTracks.inc">
      <Filter>Game\Audio</Filter>
    </ClInclude>
    <ClInclude Include="src\Game\Audio\OstUniScenes.inc">
      <Filter>Game\Audio</Filter>
    </ClInclude>
    <ClInclude Include="src\Game\Audio\OstUniTracks.inc">
      <Filter>Game\Audio</Filter>
    </ClInclude>
    <ClInclude Include="src\Game\Files\ModPacks.h">
      <Filter>Game\Files</Filter>
    </ClInclude>
    <ClInclude Include="src\Game\Stages\OwnStageNames.inc">
      <Filter>Game\Stages</Filter>
    </ClInclude>
    <ClInclude Include="src\Game\Stages\StageMbtlIndex.inc">
      <Filter>Game\Stages</Filter>
    </ClInclude>
    <ClInclude Include="src\Game\Stages\StageNames.inc">
      <Filter>Game\Stages</Filter>
    </ClInclude>
    <ClInclude Include="src\Hooks\GameHook.h">
      <Filter>Hooks</Filter>
    </ClInclude>
    <ClInclude Include="src\Overlay\Panels\ModsPanel.h">
      <Filter>Overlay\Panels</Filter>
    </ClInclude>
    <ClInclude Include="src\Overlay\Windows\ModsWindow.h">
      <Filter>Overlay\Windows</Filter>
    </ClInclude>
    <ClInclude Include="src\Game\Menus\MenuKeys.h">
      <Filter>Game\Menus</Filter>
    </ClInclude>
    <ClInclude Include="src\Game\Menus\MenuWords.h">
      <Filter>Game\Menus</Filter>
    </ClInclude>
    <ClInclude Include="src\Overlay\Guides\GuideImGui.h">
      <Filter>Overlay\Guides</Filter>
    </ClInclude>
    <ClInclude Include="src\Overlay\Guides\HitboxLegend.h">
      <Filter>Overlay\Guides</Filter>
    </ClInclude>
    <ClInclude Include="src\Overlay\Native\GameArt.h">
      <Filter>Overlay\Native</Filter>
    </ClInclude>
    <ClInclude Include="src\Overlay\Native\KeyGlyph.h">
      <Filter>Overlay\Native</Filter>
    </ClInclude>
    <ClInclude Include="src\D3D9\Draw\BitmapFont.h">
      <Filter>D3D9\Draw</Filter>
    </ClInclude>
    <ClInclude Include="src\Game\Engine\CodeSignatures.h">
      <Filter>Game\Engine</Filter>
    </ClInclude>
    <ClInclude Include="src\Game\Engine\CodeSignatures.inc">
      <Filter>Game\Engine</Filter>
    </ClInclude>
    <ClInclude Include="src\Core\CrossThread.h">
      <Filter>Core</Filter>
    </ClInclude>
    <ClInclude Include="src\Core\ThreadRole.h">
      <Filter>Core</Filter>
    </ClInclude>
    <ClInclude Include="src\Overlay\Panels\ConfigPanel.h">
      <Filter>Overlay\Panels</Filter>
    </ClInclude>
    <ClInclude Include="src\Overlay\Panels\PalettesPanel.h">
      <Filter>Overlay\Panels</Filter>
    </ClInclude>
    <ClInclude Include="src\Overlay\Panels\ReplayPanel.h">
      <Filter>Overlay\Panels</Filter>
    </ClInclude>
    <ClInclude Include="src\Overlay\Panels\TrainingPanel.h">
      <Filter>Overlay\Panels</Filter>
    </ClInclude>
    <ClInclude Include="src\Training\Meter\MeterTrace.h">
      <Filter>Training\Meter</Filter>
    </ClInclude>
    <ClInclude Include="depends\minimp3\minimp3.h">
      <Filter>Dependencies\minimp3</Filter>
    </ClInclude>
    <ClInclude Include="depends\minimp3\minimp3_ex.h">
      <Filter>Dependencies\minimp3</Filter>
    </ClInclude>
  </ItemGroup>
  <ItemGroup>
    <None Include="resource\dinput8.def">
      <Filter>Resources</Filter>
    </None>
    <None Include="resource\UNI2_IM.ini">
      <Filter>Resources</Filter>
    </None>
    <None Include="resource\shaders\bloom_blur.hlsl">
      <Filter>Resources\shaders</Filter>
    </None>
    <None Include="resource\shaders\bloom_bright.hlsl">
      <Filter>Resources\shaders</Filter>
    </None>
    <None Include="resource\shaders\bloom_mix.hlsl">
      <Filter>Resources\shaders</Filter>
    </None>
    <None Include="resource\shaders\fxaa.hlsl">
      <Filter>Resources\shaders</Filter>
    </None>
    <None Include="resource\shaders\look.hlsl">
      <Filter>Resources\shaders</Filter>
    </None>
    <None Include="resource\shaders\rcas.hlsl">
      <Filter>Resources\shaders</Filter>
    </None>
    <None Include="resource\shaders\sceneupscale.hlsl">
      <Filter>Resources\shaders</Filter>
    </None>
    <None Include="resource\shaders\sharpen.hlsl">
      <Filter>Resources\shaders</Filter>
    </None>
    <None Include="resource\shaders\upscale_bicubic.hlsl">
      <Filter>Resources\shaders</Filter>
    </None>
    <None Include="resource\shaders\upscale_lanczos.hlsl">
      <Filter>Resources\shaders</Filter>
    </None>
    <None Include="resource\shaders\examples\01_passthrough.hlsl">
      <Filter>Resources\shaders\examples</Filter>
    </None>
    <None Include="resource\shaders\examples\02_grayscale.hlsl">
      <Filter>Resources\shaders\examples</Filter>
    </None>
    <None Include="resource\shaders\examples\03_sepia.hlsl">
      <Filter>Resources\shaders\examples</Filter>
    </None>
    <None Include="resource\shaders\examples\04_invert.hlsl">
      <Filter>Resources\shaders\examples</Filter>
    </None>
    <None Include="resource\shaders\examples\05_posterize.hlsl">
      <Filter>Resources\shaders\examples</Filter>
    </None>
    <None Include="resource\shaders\examples\06_pixelate.hlsl">
      <Filter>Resources\shaders\examples</Filter>
    </None>
    <None Include="resource\shaders\examples\07_chromatic.hlsl">
      <Filter>Resources\shaders\examples</Filter>
    </None>
    <None Include="resource\shaders\examples\08_film_grain.hlsl">
      <Filter>Resources\shaders\examples</Filter>
    </None>
    <None Include="resource\shaders\examples\09_vhs.hlsl">
      <Filter>Resources\shaders\examples</Filter>
    </None>
    <None Include="resource\shaders\examples\10_lcd_grid.hlsl">
      <Filter>Resources\shaders\examples</Filter>
    </None>
    <None Include="resource\shaders\examples\11_outline.hlsl">
      <Filter>Resources\shaders\examples</Filter>
    </None>
    <None Include="resource\shaders\examples\12_crt.hlsl">
      <Filter>Resources\shaders\examples</Filter>
    </None>
    <None Include="resource\shaders\examples\13_reshade_tonemap.fx">
      <Filter>Resources\shaders\examples</Filter>
    </None>
    <None Include="resource\shaders\examples\14_slang_scanlines.slang">
      <Filter>Resources\shaders\examples</Filter>
    </None>
    <None Include="resource\shaders\examples\15_shadertoy_ripple.glsl">
      <Filter>Resources\shaders\examples</Filter>
    </None>
    <None Include="resource\shaders\examples\16_bleach_bypass.ps">
      <Filter>Resources\shaders\examples</Filter>
    </None>
    <None Include="resource\shaders\examples\17_dot_matrix.frag">
      <Filter>Resources\shaders\examples</Filter>
    </None>
    <None Include="resource\shaders\examples\18_bloom_glow.fsh">
      <Filter>Resources\shaders\examples</Filter>
    </None>
  </ItemGroup>
  <ItemGroup>
    <ResourceCompile Include="resource\UNI2_IM.rc">
      <Filter>Resources</Filter>
    </ResourceCompile>
  </ItemGroup>
</Project>