<?xml version="1.0" encoding="utf-8"?>
<Project ToolsVersion="4.0" xmlns="http://schemas.microsoft.com/developer/msbuild/2003">
  <ItemGroup>
    <Filter Include="Core">
      <UniqueIdentifier>{0bf2fb91-1980-759e-0b3a-05bc77ef3cbc}</UniqueIdentifier>
    </Filter>
    <Filter Include="D3D9">
      <UniqueIdentifier>{126d8768-1125-f82f-157c-9df5afd0fa57}</UniqueIdentifier>
    </Filter>
    <Filter Include="D3D9\Post">
      <UniqueIdentifier>{55a2e3a1-41ad-d0cb-1573-fff5b90c9d3f}</UniqueIdentifier>
    </Filter>
    <Filter Include="D3D9\Post\Shaders">
      <UniqueIdentifier>{298e1698-4b07-91f1-12b4-84bb758b5275}</UniqueIdentifier>
    </Filter>
    <Filter Include="Dependencies">
      <UniqueIdentifier>{ccfa12bb-6c45-a400-65e8-0ef99dbe8956}</UniqueIdentifier>
    </Filter>
    <Filter Include="Dependencies\ImGui">
      <UniqueIdentifier>{913e927c-eb22-48b9-1738-3c5e99cd8645}</UniqueIdentifier>
    </Filter>
    <Filter Include="Dependencies\ImGui\backends">
      <UniqueIdentifier>{2ab04985-22fb-606a-d22d-3a4451f05598}</UniqueIdentifier>
    </Filter>
    <Filter Include="Dependencies\MinHook">
      <UniqueIdentifier>{35b32b79-5926-6d67-653b-b2ed4d16d493}</UniqueIdentifier>
    </Filter>
    <Filter Include="Dependencies\MinHook\hde">
      <UniqueIdentifier>{de4713b1-b0da-7208-f693-9c25c3f3ca96}</UniqueIdentifier>
    </Filter>
    <Filter Include="Dependencies\minimp3">
      <UniqueIdentifier>{349f5585-4bd6-88f7-c187-c80bba76f483}</UniqueIdentifier>
    </Filter>
    <Filter Include="Dependencies\Vorbis">
      <UniqueIdentifier>{be08d7e3-ba1d-1ddf-c946-53300ca46963}</UniqueIdentifier>
    </Filter>
    <Filter Include="Game">
      <UniqueIdentifier>{8adaa572-0431-2527-3db7-4cc82812c2d7}</UniqueIdentifier>
    </Filter>
    <Filter Include="Hooks">
      <UniqueIdentifier>{8dc6a37a-e1a1-a81b-cdb7-6eb24bb92a03}</UniqueIdentifier>
    </Filter>
    <Filter Include="Network">
      <UniqueIdentifier>{1e8e57b2-909b-2a85-3983-a93f378eb6b5}</UniqueIdentifier>
    </Filter>
    <Filter Include="Overlay">
      <UniqueIdentifier>{5cb27212-0b10-9463-f43d-d2d90de1bc67}</UniqueIdentifier>
    </Filter>
    <Filter Include="Overlay\Window">
      <UniqueIdentifier>{6d748d6a-9131-d495-4248-2b79235b0531}</UniqueIdentifier>
    </Filter>
    <Filter Include="Overlay\WindowContainer">
      <UniqueIdentifier>{3d43096c-1a13-bcc8-8952-7fa04f4dfaba}</UniqueIdentifier>
    </Filter>
    <Filter Include="Palette">
      <UniqueIdentifier>{9dd69108-8352-b680-025d-8f853d2d59e2}</UniqueIdentifier>
    </Filter>
    <Filter Include="Resources">
      <UniqueIdentifier>{034d5a1b-ef24-5df2-c657-695f9ea78a18}</UniqueIdentifier>
    </Filter>
    <Filter Include="Resources\shaders">
      <UniqueIdentifier>{7a716d8f-e0df-bf90-1165-208b79f5f236}</UniqueIdentifier>
    </Filter>
    <Filter Include="Resources\shaders\examples">
      <UniqueIdentifier>{8b4ad20e-0a6d-ef4b-5734-d563fe44c8b7}</UniqueIdentifier>
    </Filter>
    <Filter Include="Screens">
      <UniqueIdentifier>{6ceeb9f1-e249-f966-98b7-ed74094ff428}</UniqueIdentifier>
    </Filter>
    <Filter Include="Training">
      <UniqueIdentifier>{e0ad314c-b345-1fb7-a5ed-68bb70aa22ab}</UniqueIdentifier>
    </Filter>
    <Filter Include="Web">
      <UniqueIdentifier>{5ea0e119-4872-1ef1-f5cb-85505db1a525}</UniqueIdentifier>
    </Filter>
  </ItemGroup>
  <ItemGroup>
    <ClCompile Include="src\Core\dllmain.cpp">
      <Filter>Core</Filter>
    </ClCompile>
    <ClCompile Include="src\Game\BundledPack.cpp">
      <Filter>Game</Filter>
    </ClCompile>
    <ClCompile Include="src\Core\Json.cpp">
      <Filter>Core</Filter>
    </ClCompile>
    <ClCompile Include="src\Web\Http.cpp">
      <Filter>Web</Filter>
    </ClCompile>
    <ClCompile Include="src\Web\Job.cpp">
      <Filter>Web</Filter>
    </ClCompile>
    <ClCompile Include="src\Web\GitHubRelease.cpp">
      <Filter>Web</Filter>
    </ClCompile>
    <ClCompile Include="src\Web\UpdateInstall.cpp">
      <Filter>Web</Filter>
    </ClCompile>
    <ClCompile Include="src\Game\BasePals.cpp">
      <Filter>Game</Filter>
    </ClCompile>
    <ClCompile Include="src\Game\PatchPacks.cpp">
      <Filter>Game</Filter>
    </ClCompile>
    <ClCompile Include="src\Network\OnlineSafety.cpp">
      <Filter>Network</Filter>
    </ClCompile>
    <ClCompile Include="src\Core\CrashContext.cpp">
      <Filter>Core</Filter>
    </ClCompile>
    <ClCompile Include="src\Game\BgmTable.cpp">
      <Filter>Game</Filter>
    </ClCompile>
    <ClCompile Include="src\Game\BgmVolume.cpp">
      <Filter>Game</Filter>
    </ClCompile>
    <ClCompile Include="src\Game\AudioFile.cpp">
      <Filter>Game</Filter>
    </ClCompile>
    <ClCompile Include="src\Game\OggWriter.cpp">
      <Filter>Game</Filter>
    </ClCompile>
    <ClCompile Include="src\Game\MusicRefresh.cpp">
      <Filter>Game</Filter>
    </ClCompile>
    <ClCompile Include="src\Core\FileIndex.cpp">
      <Filter>Core</Filter>
    </ClCompile>
    <ClCompile Include="src\Game\BalanceRules.cpp">
      <Filter>Game</Filter>
    </ClCompile>
    <ClCompile Include="src\Game\ScreenShake.cpp">
      <Filter>Game</Filter>
    </ClCompile>
    <ClCompile Include="src\Game\DataSearchPath.cpp">
      <Filter>Game</Filter>
    </ClCompile>
    <ClCompile Include="src\Game\GamePatches.cpp">
      <Filter>Game</Filter>
    </ClCompile>
    <ClCompile Include="src\Game\PatchLibrary.cpp">
      <Filter>Game</Filter>
    </ClCompile>
    <ClCompile Include="src\Overlay\Window\PatchWindow.cpp">
      <Filter>Overlay\Window</Filter>
    </ClCompile>
    <ClCompile Include="src\Game\UserMusic.cpp">
      <Filter>Game</Filter>
    </ClCompile>
    <ClCompile Include="src\Game\SeListFile.cpp">
      <Filter>Game</Filter>
    </ClCompile>
    <ClCompile Include="src\Game\SoundPacks.cpp">
      <Filter>Game</Filter>
    </ClCompile>
    <ClCompile Include="src\Game\CharaSounds.cpp">
      <Filter>Game</Filter>
    </ClCompile>
    <ClCompile Include="src\Game\GameArchive.cpp">
      <Filter>Game</Filter>
    </ClCompile>
    <ClCompile Include="src\Game\SeList.cpp">
      <Filter>Game</Filter>
    </ClCompile>
    <ClCompile Include="src\Game\VoiceImport.cpp">
      <Filter>Game</Filter>
    </ClCompile>
    <ClCompile Include="src\Game\VoiceMap.cpp">
      <Filter>Game</Filter>
    </ClCompile>
    <ClCompile Include="src\Game\OggReader.cpp">
      <Filter>Game</Filter>
    </ClCompile>
    <ClCompile Include="src\Game\SoundsReadme.cpp">
      <Filter>Game</Filter>
    </ClCompile>
    <ClCompile Include="src\Core\SoundOutput.cpp">
      <Filter>Core</Filter>
    </ClCompile>
    <ClCompile Include="src\Game\SoundpackBuilder.cpp">
      <Filter>Game</Filter>
    </ClCompile>
    <ClCompile Include="src\Game\BgmLibrary.cpp">
      <Filter>Game</Filter>
    </ClCompile>
    <ClCompile Include="src\Game\ModFiles.cpp">
      <Filter>Game</Filter>
    </ClCompile>
    <ClCompile Include="src\Game\OstImport.cpp">
      <Filter>Game</Filter>
    </ClCompile>
    <ClCompile Include="src\Game\BgListOverride.cpp">
      <Filter>Game</Filter>
    </ClCompile>
    <ClCompile Include="src\Game\FbGameFolder.cpp">
      <Filter>Game</Filter>
    </ClCompile>
    <ClCompile Include="src\Game\MbtlCipher.cpp">
      <Filter>Game</Filter>
    </ClCompile>
    <ClCompile Include="src\Game\StageArchive.cpp">
      <Filter>Game</Filter>
    </ClCompile>
    <ClCompile Include="src\Game\StageImport.cpp">
      <Filter>Game</Filter>
    </ClCompile>
    <ClCompile Include="src\Game\StageThumb.cpp">
      <Filter>Game</Filter>
    </ClCompile>
    <ClCompile Include="src\Game\StageObjects.cpp">
      <Filter>Game</Filter>
    </ClCompile>
    <ClCompile Include="src\Overlay\Window\StagesPanel.cpp">
      <Filter>Overlay\Window</Filter>
    </ClCompile>
    <ClCompile Include="src\Overlay\Window\StagesWindow.cpp">
      <Filter>Overlay\Window</Filter>
    </ClCompile>
    <ClCompile Include="src\Game\OstPac.cpp">
      <Filter>Game</Filter>
    </ClCompile>
    <ClCompile Include="src\Game\OstUniNames.cpp">
      <Filter>Game</Filter>
    </ClCompile>
    <ClCompile Include="src\Game\SoundpackTransfer.cpp">
      <Filter>Game</Filter>
    </ClCompile>
    <ClCompile Include="src\Core\ZipArchive.cpp">
      <Filter>Core</Filter>
    </ClCompile>
    <ClCompile Include="src\Game\BgmNames.cpp">
      <Filter>Game</Filter>
    </ClCompile>
    <ClCompile Include="src\Game\BgmRules.cpp">
      <Filter>Game</Filter>
    </ClCompile>
    <ClCompile Include="src\Game\BgmThemes.cpp">
      <Filter>Game</Filter>
    </ClCompile>
    <ClCompile Include="src\Game\BgmTableFile.cpp">
      <Filter>Game</Filter>
    </ClCompile>
    <ClCompile Include="src\Game\BgmCatalog.cpp">
      <Filter>Game</Filter>
    </ClCompile>
    <ClCompile Include="src\Game\BgmControl.cpp">
      <Filter>Game</Filter>
    </ClCompile>
    <ClCompile Include="src\Game\OpponentLog.cpp">
      <Filter>Game</Filter>
    </ClCompile>
    <ClCompile Include="src\Network\SteamInterfaces.cpp">
      <Filter>Network</Filter>
    </ClCompile>
    <ClCompile Include="src\Network\RollbackStats.cpp">
      <Filter>Network</Filter>
    </ClCompile>
    <ClCompile Include="src\Network\RoomRoster.cpp">
      <Filter>Network</Filter>
    </ClCompile>
    <ClCompile Include="src\Network\ModPresence.cpp">
      <Filter>Network</Filter>
    </ClCompile>
    <ClCompile Include="src\Network\PlayerCount.cpp">
      <Filter>Network</Filter>
    </ClCompile>
    <ClCompile Include="src\Network\RoomPing.cpp">
      <Filter>Network</Filter>
    </ClCompile>
    <ClCompile Include="src\Network\NetplayTick.cpp">
      <Filter>Network</Filter>
    </ClCompile>
    <ClCompile Include="src\Overlay\Window\NetplayWindow.cpp">
      <Filter>Overlay\Window</Filter>
    </ClCompile>
    <ClCompile Include="src\Overlay\Window\MusicPanel.cpp">
      <Filter>Overlay\Window</Filter>
    </ClCompile>
    <ClCompile Include="src\Overlay\Window\MusicWindow.cpp">
      <Filter>Overlay\Window</Filter>
    </ClCompile>
    <ClCompile Include="src\Overlay\Window\SoundWindow.cpp">
      <Filter>Overlay\Window</Filter>
    </ClCompile>
    <ClCompile Include="src\Overlay\Window\ThemeWindow.cpp">
      <Filter>Overlay\Window</Filter>
    </ClCompile>
    <ClCompile Include="src\Core\Settings.cpp">
      <Filter>Core</Filter>
    </ClCompile>
    <ClCompile Include="src\Core\logger.cpp">
      <Filter>Core</Filter>
    </ClCompile>
    <ClCompile Include="src\Core\Compat.cpp">
      <Filter>Core</Filter>
    </ClCompile>
    <ClCompile Include="src\Core\Deflate.cpp">
      <Filter>Core</Filter>
    </ClCompile>
    <ClCompile Include="src\Core\DpiScaling.cpp">
      <Filter>Core</Filter>
    </ClCompile>
    <ClCompile Include="src\Core\crashdump.cpp">
      <Filter>Core</Filter>
    </ClCompile>
    <ClCompile Include="src\Core\utils.cpp">
      <Filter>Core</Filter>
    </ClCompile>
    <ClCompile Include="src\Core\AsyncFileDialog.cpp">
      <Filter>Core</Filter>
    </ClCompile>
    <ClCompile Include="src\Core\TextEncoding.cpp">
      <Filter>Core</Filter>
    </ClCompile>
    <ClCompile Include="src\Core\KeyboardCapture.cpp">
      <Filter>Core</Filter>
    </ClCompile>
    <ClCompile Include="src\Core\keycodes.cpp">
      <Filter>Core</Filter>
    </ClCompile>
    <ClCompile Include="src\Core\Hotkeys.cpp">
      <Filter>Core</Filter>
    </ClCompile>
    <ClCompile Include="src\Core\PadInput.cpp">
      <Filter>Core</Filter>
    </ClCompile>
    <ClCompile Include="src\Core\interfaces.cpp">
      <Filter>Core</Filter>
    </ClCompile>
    <ClCompile Include="src\Hooks\HookManager.cpp">
      <Filter>Hooks</Filter>
    </ClCompile>
    <ClCompile Include="src\Hooks\hooks_input.cpp">
      <Filter>Hooks</Filter>
    </ClCompile>
    <ClCompile Include="src\Hooks\InputProbe.cpp">
      <Filter>Hooks</Filter>
    </ClCompile>
    <ClCompile Include="src\D3D9\D3D9Proxy.cpp">
      <Filter>D3D9</Filter>
    </ClCompile>
    <ClCompile Include="src\D3D9\D3D9Wrapper.cpp">
      <Filter>D3D9</Filter>
    </ClCompile>
    <ClCompile Include="src\D3D9\DeviceHooks.cpp">
      <Filter>D3D9</Filter>
    </ClCompile>
    <ClCompile Include="src\D3D9\FrozenFrame.cpp">
      <Filter>D3D9</Filter>
    </ClCompile>
    <ClCompile Include="src\Overlay\WindowManager.cpp">
      <Filter>Overlay</Filter>
    </ClCompile>
    <ClCompile Include="src\Overlay\NotificationBar.cpp">
      <Filter>Overlay</Filter>
    </ClCompile>
    <ClCompile Include="src\Overlay\UiText.cpp">
      <Filter>Overlay</Filter>
    </ClCompile>
    <ClCompile Include="src\Overlay\UiScale.cpp">
      <Filter>Overlay</Filter>
    </ClCompile>
    <ClCompile Include="src\Overlay\OverlayFont.cpp">
      <Filter>Overlay</Filter>
    </ClCompile>
    <ClCompile Include="src\Overlay\PlatePreview.cpp">
      <Filter>Overlay</Filter>
    </ClCompile>
    <ClCompile Include="src\Overlay\ComboNav.cpp">
      <Filter>Overlay</Filter>
    </ClCompile>
    <ClCompile Include="src\Overlay\CharaPreview.cpp">
      <Filter>Overlay</Filter>
    </ClCompile>
    <ClCompile Include="src\Overlay\Window\IWindow.cpp">
      <Filter>Overlay\Window</Filter>
    </ClCompile>
    <ClCompile Include="src\Overlay\Window\MainWindow.cpp">
      <Filter>Overlay\Window</Filter>
    </ClCompile>
    <ClCompile Include="src\Overlay\Window\PlayerCardPanel.cpp">
      <Filter>Overlay\Window</Filter>
    </ClCompile>
    <ClCompile Include="src\Overlay\Window\ColorCustomizePanel.cpp">
      <Filter>Overlay\Window</Filter>
    </ClCompile>
    <ClCompile Include="src\Overlay\Window\PaletteWindow.cpp">
      <Filter>Overlay\Window</Filter>
    </ClCompile>
    <ClCompile Include="src\Overlay\Window\DebugWindow.cpp">
      <Filter>Overlay\Window</Filter>
    </ClCompile>
    <ClCompile Include="src\Game\MemoryMap.cpp">
      <Filter>Game</Filter>
    </ClCompile>
    <ClCompile Include="src\Game\CharaTracker.cpp">
      <Filter>Game</Filter>
    </ClCompile>
    <ClCompile Include="src\Game\HitboxData.cpp">
      <Filter>Game</Filter>
    </ClCompile>
    <ClCompile Include="src\Game\Camera.cpp">
      <Filter>Game</Filter>
    </ClCompile>
    <ClCompile Include="src\Game\GameRestart.cpp">
      <Filter>Game</Filter>
    </ClCompile>
    <ClCompile Include="src\Game\GameState.cpp">
      <Filter>Game</Filter>
    </ClCompile>
    <ClCompile Include="src\Game\OnlineState.cpp">
      <Filter>Game</Filter>
    </ClCompile>
    <ClCompile Include="src\Game\MemoryScanner.cpp">
      <Filter>Game</Filter>
    </ClCompile>
    <ClCompile Include="src\Network\SteamNetwork.cpp">
      <Filter>Network</Filter>
    </ClCompile>
    <ClCompile Include="src\Network\PaletteShare.cpp">
      <Filter>Network</Filter>
    </ClCompile>
    <ClCompile Include="src\Palette\PaletteBinder.cpp">
      <Filter>Palette</Filter>
    </ClCompile>
    <ClCompile Include="src\Palette\PaletteDrawProbe.cpp">
      <Filter>Palette</Filter>
    </ClCompile>
    <ClCompile Include="src\Palette\PaletteOwnerProbe.cpp">
      <Filter>Palette</Filter>
    </ClCompile>
    <ClCompile Include="src\Palette\PaletteSeat.cpp">
      <Filter>Palette</Filter>
    </ClCompile>
    <ClCompile Include="src\Palette\PaletteControl.cpp">
      <Filter>Palette</Filter>
    </ClCompile>
    <ClCompile Include="src\Palette\PaletteChoice.cpp">
      <Filter>Palette</Filter>
    </ClCompile>
    <ClCompile Include="src\Palette\EffectOwner.cpp">
      <Filter>Palette</Filter>
    </ClCompile>
    <ClCompile Include="src\Palette\PlayerSides.cpp">
      <Filter>Palette</Filter>
    </ClCompile>
    <ClCompile Include="src\Palette\EffectPaint.cpp">
      <Filter>Palette</Filter>
    </ClCompile>
    <ClCompile Include="src\Palette\PalettePaint.cpp">
      <Filter>Palette</Filter>
    </ClCompile>
    <ClCompile Include="src\Palette\PaletteIdentity.cpp">
      <Filter>Palette</Filter>
    </ClCompile>
    <ClCompile Include="src\Palette\PaletteMemory.cpp">
      <Filter>Palette</Filter>
    </ClCompile>
    <ClCompile Include="src\Palette\PaletteTexture.cpp">
      <Filter>Palette</Filter>
    </ClCompile>
    <ClCompile Include="src\Palette\PaletteFile.cpp">
      <Filter>Palette</Filter>
    </ClCompile>
    <ClCompile Include="src\Palette\PaletteLibrary.cpp">
      <Filter>Palette</Filter>
    </ClCompile>
    <ClCompile Include="src\Palette\PaletteManager.cpp">
      <Filter>Palette</Filter>
    </ClCompile>
    <ClCompile Include="src\Palette\PaletteReport.cpp">
      <Filter>Palette</Filter>
    </ClCompile>
    <ClCompile Include="src\Palette\PaletteTrace.cpp">
      <Filter>Palette</Filter>
    </ClCompile>
    <ClCompile Include="src\Game\CharaTables.cpp">
      <Filter>Game</Filter>
    </ClCompile>
    <ClCompile Include="src\Game\OfferedEntries.cpp">
      <Filter>Game</Filter>
    </ClCompile>
    <ClCompile Include="src\Game\PartColourTable.cpp">
      <Filter>Game</Filter>
    </ClCompile>
    <ClCompile Include="src\Game\EffectTable.cpp">
      <Filter>Game</Filter>
    </ClCompile>
    <ClCompile Include="src\Game\PartName.cpp">
      <Filter>Game</Filter>
    </ClCompile>
    <ClCompile Include="src\Game\PlayerCard.cpp">
      <Filter>Game</Filter>
    </ClCompile>
    <ClCompile Include="src\Game\PlateCatalog.cpp">
      <Filter>Game</Filter>
    </ClCompile>
    <ClCompile Include="src\Game\ColorCustomize.cpp">
      <Filter>Game</Filter>
    </ClCompile>
    <ClCompile Include="src\Game\ColorOverride.cpp">
      <Filter>Game</Filter>
    </ClCompile>
    <ClCompile Include="src\Game\LivePalette.cpp">
      <Filter>Game</Filter>
    </ClCompile>
    <ClCompile Include="src\Game\PngPalette.cpp">
      <Filter>Game</Filter>
    </ClCompile>
    <ClCompile Include="src\Game\CgImage.cpp">
      <Filter>Game</Filter>
    </ClCompile>
    <ClCompile Include="src\Game\PatParts.cpp">
      <Filter>Game</Filter>
    </ClCompile>
    <ClCompile Include="src\Game\ScriptReload.cpp">
      <Filter>Game</Filter>
    </ClCompile>
    <ClCompile Include="src\Game\SaveData.cpp">
      <Filter>Game</Filter>
    </ClCompile>
    <ClCompile Include="src\Game\SceneWatch.cpp">
      <Filter>Game</Filter>
    </ClCompile>
    <ClCompile Include="src\Game\CharaSelectProbe.cpp">
      <Filter>Game</Filter>
    </ClCompile>
    <ClCompile Include="src\Game\CharaSelectState.cpp">
      <Filter>Game</Filter>
    </ClCompile>
    <ClCompile Include="src\Screens\CharaGrid.cpp">
      <Filter>Screens</Filter>
    </ClCompile>
    <ClCompile Include="src\Screens\PatFile.cpp">
      <Filter>Screens</Filter>
    </ClCompile>
    <ClCompile Include="src\Screens\PatTextures.cpp">
      <Filter>Screens</Filter>
    </ClCompile>
    <ClCompile Include="src\Screens\PatPainter.cpp">
      <Filter>Screens</Filter>
    </ClCompile>
    <ClCompile Include="src\Screens\ScreenTheme.cpp">
      <Filter>Screens</Filter>
    </ClCompile>
    <ClCompile Include="src\Screens\ScreenDirector.cpp">
      <Filter>Screens</Filter>
    </ClCompile>
    <ClCompile Include="src\Game\ColorPartTable.cpp">
      <Filter>Game</Filter>
    </ClCompile>
    <ClCompile Include="src\Game\StockPalettes.cpp">
      <Filter>Game</Filter>
    </ClCompile>
    <ClCompile Include="src\Game\UsedEntryTable.cpp">
      <Filter>Game</Filter>
    </ClCompile>
    <ClCompile Include="src\Game\FrameDataTable.cpp">
      <Filter>Game</Filter>
    </ClCompile>
    <ClCompile Include="src\Game\GameTables.cpp">
      <Filter>Game</Filter>
    </ClCompile>
    <ClCompile Include="src\Game\PlayerState.cpp">
      <Filter>Game</Filter>
    </ClCompile>
    <ClCompile Include="src\Game\ReplayState.cpp">
      <Filter>Game</Filter>
    </ClCompile>
    <ClCompile Include="src\Game\SteamNames.cpp">
      <Filter>Game</Filter>
    </ClCompile>
    <ClCompile Include="src\Training\FrameStepper.cpp">
      <Filter>Training</Filter>
    </ClCompile>
    <ClCompile Include="src\Training\StopTime.cpp">
      <Filter>Training</Filter>
    </ClCompile>
    <ClCompile Include="src\Training\StageColor.cpp">
      <Filter>Training</Filter>
    </ClCompile>
    <ClCompile Include="src\Training\DummyScript.cpp">
      <Filter>Training</Filter>
    </ClCompile>
    <ClCompile Include="src\Training\StateRecorder.cpp">
      <Filter>Training</Filter>
    </ClCompile>
    <ClCompile Include="src\Training\DummyRecorder.cpp">
      <Filter>Training</Filter>
    </ClCompile>
    <ClCompile Include="src\Training\FrameMeter.cpp">
      <Filter>Training</Filter>
    </ClCompile>
    <ClCompile Include="src\Training\SuperFlash.cpp">
      <Filter>Training</Filter>
    </ClCompile>
    <ClCompile Include="src\Overlay\FrameMeterHud.cpp">
      <Filter>Overlay</Filter>
    </ClCompile>
    <ClCompile Include="src\D3D9\DdsTexture.cpp">
      <Filter>D3D9</Filter>
    </ClCompile>
    <ClCompile Include="src\D3D9\QuadRenderer.cpp">
      <Filter>D3D9</Filter>
    </ClCompile>
    <ClCompile Include="src\D3D9\GameFont.cpp">
      <Filter>D3D9</Filter>
    </ClCompile>
    <ClCompile Include="src\Overlay\Window\FrameMeterLegendWindow.cpp">
      <Filter>Overlay\Window</Filter>
    </ClCompile>
    <ClCompile Include="src\Overlay\Window\DummyScriptGuideWindow.cpp">
      <Filter>Overlay\Window</Filter>
    </ClCompile>
    <ClCompile Include="src\Overlay\Window\HitboxLegendWindow.cpp">
      <Filter>Overlay\Window</Filter>
    </ClCompile>
    <ClCompile Include="src\Overlay\Window\PlayerControlWindow.cpp">
      <Filter>Overlay\Window</Filter>
    </ClCompile>
    <ClCompile Include="src\Overlay\Window\UpdateNotifierWindow.cpp">
      <Filter>Overlay\Window</Filter>
    </ClCompile>
    <ClCompile Include="src\Web\UpdateCheck.cpp">
      <Filter>Web</Filter>
    </ClCompile>
    <ClCompile Include="src\Training\PlayerControl.cpp">
      <Filter>Training</Filter>
    </ClCompile>
    <ClCompile Include="src\Training\InputLagMeter.cpp">
      <Filter>Training</Filter>
    </ClCompile>
    <ClCompile Include="src\Overlay\Window\PaletteEditorWindow.cpp">
      <Filter>Overlay\Window</Filter>
    </ClCompile>
    <ClCompile Include="src\Overlay\Window\HitboxOverlay.cpp">
      <Filter>Overlay\Window</Filter>
    </ClCompile>
    <ClCompile Include="src\Overlay\WindowContainer\WindowContainer.cpp">
      <Filter>Overlay\WindowContainer</Filter>
    </ClCompile>
    <ClCompile Include="src\Core\Profiler.cpp">
      <Filter>Core</Filter>
    </ClCompile>
    <ClCompile Include="src\Core\ProcessTuning.cpp">
      <Filter>Core</Filter>
    </ClCompile>
    <ClCompile Include="src\D3D9\PresentTuning.cpp">
      <Filter>D3D9</Filter>
    </ClCompile>
    <ClCompile Include="src\D3D9\SceneScale.cpp">
      <Filter>D3D9</Filter>
    </ClCompile>
    <ClCompile Include="src\D3D9\Post\SceneUpscale.cpp">
      <Filter>D3D9\Post</Filter>
    </ClCompile>
    <ClCompile Include="src\D3D9\Post\DeviceState.cpp">
      <Filter>D3D9\Post</Filter>
    </ClCompile>
    <ClCompile Include="src\D3D9\Post\ScratchTarget.cpp">
      <Filter>D3D9\Post</Filter>
    </ClCompile>
    <ClCompile Include="src\D3D9\Post\FullScreenPass.cpp">
      <Filter>D3D9\Post</Filter>
    </ClCompile>
    <ClCompile Include="src\D3D9\Post\UpscaleFilter.cpp">
      <Filter>D3D9\Post</Filter>
    </ClCompile>
    <ClCompile Include="src\D3D9\Post\PostOptions.cpp">
      <Filter>D3D9\Post</Filter>
    </ClCompile>
    <ClCompile Include="src\D3D9\Post\PostChain.cpp">
      <Filter>D3D9\Post</Filter>
    </ClCompile>
    <ClCompile Include="src\D3D9\Post\BundledShaders.cpp">
      <Filter>D3D9\Post</Filter>
    </ClCompile>
    <ClCompile Include="src\D3D9\Post\ShaderPack.cpp">
      <Filter>D3D9\Post</Filter>
    </ClCompile>
    <ClCompile Include="src\D3D9\Post\ShaderSource.cpp">
      <Filter>D3D9\Post</Filter>
    </ClCompile>
    <ClCompile Include="src\Game\EngineQuality.cpp">
      <Filter>Game</Filter>
    </ClCompile>
    <ClCompile Include="src\Game\ExtraStages.cpp">
      <Filter>Game</Filter>
    </ClCompile>
    <ClCompile Include="src\Game\Improvements.cpp">
      <Filter>Game</Filter>
    </ClCompile>
    <ClCompile Include="src\Game\KeyboardSeat.cpp">
      <Filter>Game</Filter>
    </ClCompile>
    <ClCompile Include="src\Game\PotatoMode.cpp">
      <Filter>Game</Filter>
    </ClCompile>
    <ClCompile Include="src\Game\ReplayArchive.cpp">
      <Filter>Game</Filter>
    </ClCompile>
    <ClCompile Include="src\Game\ReplayFiles.cpp">
      <Filter>Game</Filter>
    </ClCompile>
    <ClCompile Include="src\Game\PresentSize.cpp">
      <Filter>Game</Filter>
    </ClCompile>
    <ClCompile Include="src\Game\PumpWait.cpp">
      <Filter>Game</Filter>
    </ClCompile>
    <ClCompile Include="src\Game\DataArchive.cpp">
      <Filter>Game</Filter>
    </ClCompile>
    <ClCompile Include="src\Game\UiAssets.cpp">
      <Filter>Game</Filter>
    </ClCompile>
    <ClCompile Include="src\Overlay\Window\PerformanceWindow.cpp">
      <Filter>Overlay\Window</Filter>
    </ClCompile>
    <ClCompile Include="src\Overlay\Window\GraphicsPanel.cpp">
      <Filter>Overlay\Window</Filter>
    </ClCompile>
    <ClCompile Include="depends\imgui\imgui.cpp">
      <Filter>Dependencies\ImGui</Filter>
    </ClCompile>
    <ClCompile Include="depends\imgui\imgui_draw.cpp">
      <Filter>Dependencies\ImGui</Filter>
    </ClCompile>
    <ClCompile Include="depends\imgui\imgui_tables.cpp">
      <Filter>Dependencies\ImGui</Filter>
    </ClCompile>
    <ClCompile Include="depends\imgui\imgui_widgets.cpp">
      <Filter>Dependencies\ImGui</Filter>
    </ClCompile>
    <ClCompile Include="depends\imgui\imgui_demo.cpp">
      <Filter>Dependencies\ImGui</Filter>
    </ClCompile>
    <ClCompile Include="depends\imgui\backends\imgui_impl_dx9.cpp">
      <Filter>Dependencies\ImGui\backends</Filter>
    </ClCompile>
    <ClCompile Include="depends\imgui\backends\imgui_impl_win32.cpp">
      <Filter>Dependencies\ImGui\backends</Filter>
    </ClCompile>
    <ClCompile Include="depends\minhook\src\hook.c">
      <Filter>Dependencies\MinHook</Filter>
    </ClCompile>
    <ClCompile Include="depends\minhook\src\buffer.c">
      <Filter>Dependencies\MinHook</Filter>
    </ClCompile>
    <ClCompile Include="depends\minhook\src\trampoline.c">
      <Filter>Dependencies\MinHook</Filter>
    </ClCompile>
    <ClCompile Include="depends\minhook\src\hde\hde32.c">
      <Filter>Dependencies\MinHook\hde</Filter>
    </ClCompile>
    <ClCompile Include="depends\minhook\src\hde\hde64.c">
      <Filter>Dependencies\MinHook\hde</Filter>
    </ClCompile>
    <ClCompile Include="depends\vorbis\ogg\bitwise.c">
      <Filter>Dependencies\Vorbis</Filter>
    </ClCompile>
    <ClCompile Include="depends\vorbis\ogg\framing.c">
      <Filter>Dependencies\Vorbis</Filter>
    </ClCompile>
    <ClCompile Include="depends\vorbis\vorbis\analysis.c">
      <Filter>Dependencies\Vorbis</Filter>
    </ClCompile>
    <ClCompile Include="depends\vorbis\vorbis\bitrate.c">
      <Filter>Dependencies\Vorbis</Filter>
    </ClCompile>
    <ClCompile Include="depends\vorbis\vorbis\block.c">
      <Filter>Dependencies\Vorbis</Filter>
    </ClCompile>
    <ClCompile Include="depends\vorbis\vorbis\codebook.c">
      <Filter>Dependencies\Vorbis</Filter>
    </ClCompile>
    <ClCompile Include="depends\vorbis\vorbis\envelope.c">
      <Filter>Dependencies\Vorbis</Filter>
    </ClCompile>
    <ClCompile Include="depends\vorbis\vorbis\floor0.c">
      <Filter>Dependencies\Vorbis</Filter>
    </ClCompile>
    <ClCompile Include="depends\vorbis\vorbis\floor1.c">
      <Filter>Dependencies\Vorbis</Filter>
    </ClCompile>
    <ClCompile Include="depends\vorbis\vorbis\info.c">
      <Filter>Dependencies\Vorbis</Filter>
    </ClCompile>
    <ClCompile Include="depends\vorbis\vorbis\lpc.c">
      <Filter>Dependencies\Vorbis</Filter>
    </ClCompile>
    <ClCompile Include="depends\vorbis\vorbis\lsp.c">
      <Filter>Dependencies\Vorbis</Filter>
    </ClCompile>
    <ClCompile Include="depends\vorbis\vorbis\mapping0.c">
      <Filter>Dependencies\Vorbis</Filter>
    </ClCompile>
    <ClCompile Include="depends\vorbis\vorbis\mdct.c">
      <Filter>Dependencies\Vorbis</Filter>
    </ClCompile>
    <ClCompile Include="depends\vorbis\vorbis\psy.c">
      <Filter>Dependencies\Vorbis</Filter>
    </ClCompile>
    <ClCompile Include="depends\vorbis\vorbis\registry.c">
      <Filter>Dependencies\Vorbis</Filter>
    </ClCompile>
    <ClCompile Include="depends\vorbis\vorbis\res0.c">
      <Filter>Dependencies\Vorbis</Filter>
    </ClCompile>
    <ClCompile Include="depends\vorbis\vorbis\sharedbook.c">
      <Filter>Dependencies\Vorbis</Filter>
    </ClCompile>
    <ClCompile Include="depends\vorbis\vorbis\smallft.c">
      <Filter>Dependencies\Vorbis</Filter>
    </ClCompile>
    <ClCompile Include="depends\vorbis\vorbis\synthesis.c">
      <Filter>Dependencies\Vorbis</Filter>
    </ClCompile>
    <ClCompile Include="depends\vorbis\vorbis\vorbisenc.c">
      <Filter>Dependencies\Vorbis</Filter>
    </ClCompile>
    <ClCompile Include="depends\vorbis\vorbis\window.c">
      <Filter>Dependencies\Vorbis</Filter>
    </ClCompile>
  </ItemGroup>
  <ItemGroup>
    <ClInclude Include="src\Core\Settings.h">
      <Filter>Core</Filter>
    </ClInclude>
    <ClInclude Include="src\Game\BundledPack.h">
      <Filter>Game</Filter>
    </ClInclude>
    <ClInclude Include="src\Core\Json.h">
      <Filter>Core</Filter>
    </ClInclude>
    <ClInclude Include="src\Web\Http.h">
      <Filter>Web</Filter>
    </ClInclude>
    <ClInclude Include="src\Web\Job.h">
      <Filter>Web</Filter>
    </ClInclude>
    <ClInclude Include="src\Web\GitHubRelease.h">
      <Filter>Web</Filter>
    </ClInclude>
    <ClInclude Include="src\Web\UpdateInstall.h">
      <Filter>Web</Filter>
    </ClInclude>
    <ClInclude Include="src\Game\BasePals.h">
      <Filter>Game</Filter>
    </ClInclude>
    <ClInclude Include="src\Game\PatchPacks.h">
      <Filter>Game</Filter>
    </ClInclude>
    <ClInclude Include="src\Network\OnlineSafety.h">
      <Filter>Network</Filter>
    </ClInclude>
    <ClInclude Include="src\Core\CrashContext.h">
      <Filter>Core</Filter>
    </ClInclude>
    <ClInclude Include="src\Game\BgmTable.h">
      <Filter>Game</Filter>
    </ClInclude>
    <ClInclude Include="src\Game\BgmVolume.h">
      <Filter>Game</Filter>
    </ClInclude>
    <ClInclude Include="src\Game\AudioFile.h">
      <Filter>Game</Filter>
    </ClInclude>
    <ClInclude Include="src\Game\OggWriter.h">
      <Filter>Game</Filter>
    </ClInclude>
    <ClInclude Include="src\Game\MusicRefresh.h">
      <Filter>Game</Filter>
    </ClInclude>
    <ClInclude Include="src\Core\FileIndex.h">
      <Filter>Core</Filter>
    </ClInclude>
    <ClInclude Include="src\Game\BalanceRules.h">
      <Filter>Game</Filter>
    </ClInclude>
    <ClInclude Include="src\Game\ScreenShake.h">
      <Filter>Game</Filter>
    </ClInclude>
    <ClInclude Include="src\Game\DataSearchPath.h">
      <Filter>Game</Filter>
    </ClInclude>
    <ClInclude Include="src\Game\GamePatches.h">
      <Filter>Game</Filter>
    </ClInclude>
    <ClInclude Include="src\Game\PatchLibrary.h">
      <Filter>Game</Filter>
    </ClInclude>
    <ClInclude Include="src\Overlay\Window\PatchWindow.h">
      <Filter>Overlay\Window</Filter>
    </ClInclude>
    <ClInclude Include="src\Game\UserMusic.h">
      <Filter>Game</Filter>
    </ClInclude>
    <ClInclude Include="src\Game\SeListFile.h">
      <Filter>Game</Filter>
    </ClInclude>
    <ClInclude Include="src\Game\SoundPacks.h">
      <Filter>Game</Filter>
    </ClInclude>
    <ClInclude Include="src\Game\CharaSounds.h">
      <Filter>Game</Filter>
    </ClInclude>
    <ClInclude Include="src\Game\GameArchive.h">
      <Filter>Game</Filter>
    </ClInclude>
    <ClInclude Include="src\Game\SeList.h">
      <Filter>Game</Filter>
    </ClInclude>
    <ClInclude Include="src\Game\VoiceImport.h">
      <Filter>Game</Filter>
    </ClInclude>
    <ClInclude Include="src\Game\VoiceMap.h">
      <Filter>Game</Filter>
    </ClInclude>
    <ClInclude Include="src\Game\OggReader.h">
      <Filter>Game</Filter>
    </ClInclude>
    <ClInclude Include="src\Game\PcmSink.h">
      <Filter>Game</Filter>
    </ClInclude>
    <ClInclude Include="src\Game\SoundsReadme.h">
      <Filter>Game</Filter>
    </ClInclude>
    <ClInclude Include="src\Core\SoundOutput.h">
      <Filter>Core</Filter>
    </ClInclude>
    <ClInclude Include="src\Game\SoundpackBuilder.h">
      <Filter>Game</Filter>
    </ClInclude>
    <ClInclude Include="src\Game\BgmLibrary.h">
      <Filter>Game</Filter>
    </ClInclude>
    <ClInclude Include="src\Game\ModFiles.h">
      <Filter>Game</Filter>
    </ClInclude>
    <ClInclude Include="src\Game\OstImport.h">
      <Filter>Game</Filter>
    </ClInclude>
    <ClInclude Include="src\Game\BgListOverride.h">
      <Filter>Game</Filter>
    </ClInclude>
    <ClInclude Include="src\Game\FbGameFolder.h">
      <Filter>Game</Filter>
    </ClInclude>
    <ClInclude Include="src\Game\MbtlCipher.h">
      <Filter>Game</Filter>
    </ClInclude>
    <ClInclude Include="src\Game\StageArchive.h">
      <Filter>Game</Filter>
    </ClInclude>
    <ClInclude Include="src\Game\StageImport.h">
      <Filter>Game</Filter>
    </ClInclude>
    <ClInclude Include="src\Game\StageThumb.h">
      <Filter>Game</Filter>
    </ClInclude>
    <ClInclude Include="src\Game\StageObjects.h">
      <Filter>Game</Filter>
    </ClInclude>
    <ClInclude Include="src\Overlay\Window\StagesPanel.h">
      <Filter>Overlay\Window</Filter>
    </ClInclude>
    <ClInclude Include="src\Overlay\Window\StagesWindow.h">
      <Filter>Overlay\Window</Filter>
    </ClInclude>
    <ClInclude Include="src\Game\OstPac.h">
      <Filter>Game</Filter>
    </ClInclude>
    <ClInclude Include="src\Game\OstUniNames.h">
      <Filter>Game</Filter>
    </ClInclude>
    <ClInclude Include="src\Game\SoundpackTransfer.h">
      <Filter>Game</Filter>
    </ClInclude>
    <ClInclude Include="src\Core\ZipArchive.h">
      <Filter>Core</Filter>
    </ClInclude>
    <ClInclude Include="src\Game\BgmNames.h">
      <Filter>Game</Filter>
    </ClInclude>
    <ClInclude Include="src\Game\BgmRules.h">
      <Filter>Game</Filter>
    </ClInclude>
    <ClInclude Include="src\Game\BgmThemes.h">
      <Filter>Game</Filter>
    </ClInclude>
    <ClInclude Include="src\Game\BgmTableFile.h">
      <Filter>Game</Filter>
    </ClInclude>
    <ClInclude Include="src\Game\BgmCatalog.h">
      <Filter>Game</Filter>
    </ClInclude>
    <ClInclude Include="src\Game\BgmControl.h">
      <Filter>Game</Filter>
    </ClInclude>
    <ClInclude Include="src\Game\OpponentLog.h">
      <Filter>Game</Filter>
    </ClInclude>
    <ClInclude Include="src\Network\SteamInterfaces.h">
      <Filter>Network</Filter>
    </ClInclude>
    <ClInclude Include="src\Network\RollbackStats.h">
      <Filter>Network</Filter>
    </ClInclude>
    <ClInclude Include="src\Network\RoomRoster.h">
      <Filter>Network</Filter>
    </ClInclude>
    <ClInclude Include="src\Network\ModPresence.h">
      <Filter>Network</Filter>
    </ClInclude>
    <ClInclude Include="src\Network\PlayerCount.h">
      <Filter>Network</Filter>
    </ClInclude>
    <ClInclude Include="src\Network\RoomPing.h">
      <Filter>Network</Filter>
    </ClInclude>
    <ClInclude Include="src\Network\NetplayTick.h">
      <Filter>Network</Filter>
    </ClInclude>
    <ClInclude Include="src\Overlay\Window\NetplayWindow.h">
      <Filter>Overlay\Window</Filter>
    </ClInclude>
    <ClInclude Include="src\Overlay\Window\MusicPanel.h">
      <Filter>Overlay\Window</Filter>
    </ClInclude>
    <ClInclude Include="src\Overlay\Window\MusicWindow.h">
      <Filter>Overlay\Window</Filter>
    </ClInclude>
    <ClInclude Include="src\Overlay\Window\SoundWindow.h">
      <Filter>Overlay\Window</Filter>
    </ClInclude>
    <ClInclude Include="src\Overlay\Window\ThemeWindow.h">
      <Filter>Overlay\Window</Filter>
    </ClInclude>
    <ClInclude Include="src\Core\settings.def">
      <Filter>Core</Filter>
    </ClInclude>
    <ClInclude Include="src\Core\logger.h">
      <Filter>Core</Filter>
    </ClInclude>
    <ClInclude Include="src\Core\Compat.h">
      <Filter>Core</Filter>
    </ClInclude>
    <ClInclude Include="src\Core\Deflate.h">
      <Filter>Core</Filter>
    </ClInclude>
    <ClInclude Include="src\Core\DpiScaling.h">
      <Filter>Core</Filter>
    </ClInclude>
    <ClInclude Include="src\Core\crashdump.h">
      <Filter>Core</Filter>
    </ClInclude>
    <ClInclude Include="src\Core\utils.h">
      <Filter>Core</Filter>
    </ClInclude>
    <ClInclude Include="src\Core\AsyncFileDialog.h">
      <Filter>Core</Filter>
    </ClInclude>
    <ClInclude Include="src\Core\TextEncoding.h">
      <Filter>Core</Filter>
    </ClInclude>
    <ClInclude Include="src\Core\KeyboardCapture.h">
      <Filter>Core</Filter>
    </ClInclude>
    <ClInclude Include="src\Core\keycodes.h">
      <Filter>Core</Filter>
    </ClInclude>
    <ClInclude Include="src\Core\Hotkeys.h">
      <Filter>Core</Filter>
    </ClInclude>
    <ClInclude Include="src\Core\PadInput.h">
      <Filter>Core</Filter>
    </ClInclude>
    <ClInclude Include="src\Core\interfaces.h">
      <Filter>Core</Filter>
    </ClInclude>
    <ClInclude Include="src\Core\info.h">
      <Filter>Core</Filter>
    </ClInclude>
    <ClInclude Include="src\Hooks\HookManager.h">
      <Filter>Hooks</Filter>
    </ClInclude>
    <ClInclude Include="src\Hooks\hooks_input.h">
      <Filter>Hooks</Filter>
    </ClInclude>
    <ClInclude Include="src\Hooks\InputProbe.h">
      <Filter>Hooks</Filter>
    </ClInclude>
    <ClInclude Include="src\D3D9\D3D9Proxy.h">
      <Filter>D3D9</Filter>
    </ClInclude>
    <ClInclude Include="src\D3D9\D3D9Wrapper.h">
      <Filter>D3D9</Filter>
    </ClInclude>
    <ClInclude Include="src\D3D9\DeviceHooks.h">
      <Filter>D3D9</Filter>
    </ClInclude>
    <ClInclude Include="src\D3D9\FrozenFrame.h">
      <Filter>D3D9</Filter>
    </ClInclude>
    <ClInclude Include="src\Overlay\WindowManager.h">
      <Filter>Overlay</Filter>
    </ClInclude>
    <ClInclude Include="src\Overlay\NotificationBar.h">
      <Filter>Overlay</Filter>
    </ClInclude>
    <ClInclude Include="src\Overlay\UiText.h">
      <Filter>Overlay</Filter>
    </ClInclude>
    <ClInclude Include="src\Overlay\UiScale.h">
      <Filter>Overlay</Filter>
    </ClInclude>
    <ClInclude Include="src\Overlay\OverlayFont.h">
      <Filter>Overlay</Filter>
    </ClInclude>
    <ClInclude Include="src\Overlay\PlatePreview.h">
      <Filter>Overlay</Filter>
    </ClInclude>
    <ClInclude Include="src\Overlay\ComboNav.h">
      <Filter>Overlay</Filter>
    </ClInclude>
    <ClInclude Include="src\Overlay\CharaPreview.h">
      <Filter>Overlay</Filter>
    </ClInclude>
    <ClInclude Include="src\Overlay\Window\IWindow.h">
      <Filter>Overlay\Window</Filter>
    </ClInclude>
    <ClInclude Include="src\Overlay\Window\MainWindow.h">
      <Filter>Overlay\Window</Filter>
    </ClInclude>
    <ClInclude Include="src\Overlay\Window\PlayerCardPanel.h">
      <Filter>Overlay\Window</Filter>
    </ClInclude>
    <ClInclude Include="src\Overlay\Window\ColorCustomizePanel.h">
      <Filter>Overlay\Window</Filter>
    </ClInclude>
    <ClInclude Include="src\Overlay\Window\PaletteWindow.h">
      <Filter>Overlay\Window</Filter>
    </ClInclude>
    <ClInclude Include="src\Game\PlayerCard.h">
      <Filter>Game</Filter>
    </ClInclude>
    <ClInclude Include="src\Game\PlateCatalog.h">
      <Filter>Game</Filter>
    </ClInclude>
    <ClInclude Include="src\Game\ColorCustomize.h">
      <Filter>Game</Filter>
    </ClInclude>
    <ClInclude Include="src\Game\ColorOverride.h">
      <Filter>Game</Filter>
    </ClInclude>
    <ClInclude Include="src\Game\LivePalette.h">
      <Filter>Game</Filter>
    </ClInclude>
    <ClInclude Include="src\Game\PngPalette.h">
      <Filter>Game</Filter>
    </ClInclude>
    <ClInclude Include="src\Game\CgImage.h">
      <Filter>Game</Filter>
    </ClInclude>
    <ClInclude Include="src\Game\PatParts.h">
      <Filter>Game</Filter>
    </ClInclude>
    <ClInclude Include="src\Game\ScriptReload.h">
      <Filter>Game</Filter>
    </ClInclude>
    <ClInclude Include="src\Game\SaveData.h">
      <Filter>Game</Filter>
    </ClInclude>
    <ClInclude Include="src\Game\SceneWatch.h">
      <Filter>Game</Filter>
    </ClInclude>
    <ClInclude Include="src\Game\CharaSelectProbe.h">
      <Filter>Game</Filter>
    </ClInclude>
    <ClInclude Include="src\Game\CharaSelectState.h">
      <Filter>Game</Filter>
    </ClInclude>
    <ClInclude Include="src\Screens\CharaGrid.h">
      <Filter>Screens</Filter>
    </ClInclude>
    <ClInclude Include="src\Screens\PatFile.h">
      <Filter>Screens</Filter>
    </ClInclude>
    <ClInclude Include="src\Screens\PatTextures.h">
      <Filter>Screens</Filter>
    </ClInclude>
    <ClInclude Include="src\Screens\PatPainter.h">
      <Filter>Screens</Filter>
    </ClInclude>
    <ClInclude Include="src\Screens\ScreenTheme.h">
      <Filter>Screens</Filter>
    </ClInclude>
    <ClInclude Include="src\Screens\ScreenDirector.h">
      <Filter>Screens</Filter>
    </ClInclude>
    <ClInclude Include="src\Game\ColorPartTable.h">
      <Filter>Game</Filter>
    </ClInclude>
    <ClInclude Include="src\Game\StockPalettes.h">
      <Filter>Game</Filter>
    </ClInclude>
    <ClInclude Include="src\Game\UsedEntryTable.h">
      <Filter>Game</Filter>
    </ClInclude>
    <ClInclude Include="src\Overlay\Window\DebugWindow.h">
      <Filter>Overlay\Window</Filter>
    </ClInclude>
    <ClInclude Include="src\Game\MemoryMap.h">
      <Filter>Game</Filter>
    </ClInclude>
    <ClInclude Include="src\Game\CharaTracker.h">
      <Filter>Game</Filter>
    </ClInclude>
    <ClInclude Include="src\Game\HitboxData.h">
      <Filter>Game</Filter>
    </ClInclude>
    <ClInclude Include="src\Game\Camera.h">
      <Filter>Game</Filter>
    </ClInclude>
    <ClInclude Include="src\Game\GameRestart.h">
      <Filter>Game</Filter>
    </ClInclude>
    <ClInclude Include="src\Game\GameState.h">
      <Filter>Game</Filter>
    </ClInclude>
    <ClInclude Include="src\Game\OnlineState.h">
      <Filter>Game</Filter>
    </ClInclude>
    <ClInclude Include="src\Game\MemoryScanner.h">
      <Filter>Game</Filter>
    </ClInclude>
    <ClInclude Include="src\Network\SteamNetwork.h">
      <Filter>Network</Filter>
    </ClInclude>
    <ClInclude Include="src\Network\PaletteShare.h">
      <Filter>Network</Filter>
    </ClInclude>
    <ClInclude Include="src\Palette\PaletteBinder.h">
      <Filter>Palette</Filter>
    </ClInclude>
    <ClInclude Include="src\Palette\PaletteDrawProbe.h">
      <Filter>Palette</Filter>
    </ClInclude>
    <ClInclude Include="src\Palette\PaletteOwnerProbe.h">
      <Filter>Palette</Filter>
    </ClInclude>
    <ClInclude Include="src\Palette\PaletteSeat.h">
      <Filter>Palette</Filter>
    </ClInclude>
    <ClInclude Include="src\Palette\PaletteControl.h">
      <Filter>Palette</Filter>
    </ClInclude>
    <ClInclude Include="src\Palette\PaletteChoice.h">
      <Filter>Palette</Filter>
    </ClInclude>
    <ClInclude Include="src\Palette\EffectOwner.h">
      <Filter>Palette</Filter>
    </ClInclude>
    <ClInclude Include="src\Palette\PlayerSides.h">
      <Filter>Palette</Filter>
    </ClInclude>
    <ClInclude Include="src\Palette\EffectPaint.h">
      <Filter>Palette</Filter>
    </ClInclude>
    <ClInclude Include="src\Palette\PalettePaint.h">
      <Filter>Palette</Filter>
    </ClInclude>
    <ClInclude Include="src\Palette\PaletteIdentity.h">
      <Filter>Palette</Filter>
    </ClInclude>
    <ClInclude Include="src\Palette\PaletteMemory.h">
      <Filter>Palette</Filter>
    </ClInclude>
    <ClInclude Include="src\Palette\PaletteTexture.h">
      <Filter>Palette</Filter>
    </ClInclude>
    <ClInclude Include="src\Palette\PaletteFile.h">
      <Filter>Palette</Filter>
    </ClInclude>
    <ClInclude Include="src\Palette\PaletteLibrary.h">
      <Filter>Palette</Filter>
    </ClInclude>
    <ClInclude Include="src\Palette\PaletteManager.h">
      <Filter>Palette</Filter>
    </ClInclude>
    <ClInclude Include="src\Palette\PaletteReport.h">
      <Filter>Palette</Filter>
    </ClInclude>
    <ClInclude Include="src\Palette\PaletteTrace.h">
      <Filter>Palette</Filter>
    </ClInclude>
    <ClInclude Include="src\Game\CharaTables.h">
      <Filter>Game</Filter>
    </ClInclude>
    <ClInclude Include="src\Game\OfferedEntries.h">
      <Filter>Game</Filter>
    </ClInclude>
    <ClInclude Include="src\Game\PartColourTable.h">
      <Filter>Game</Filter>
    </ClInclude>
    <ClInclude Include="src\Game\EffectTable.h">
      <Filter>Game</Filter>
    </ClInclude>
    <ClInclude Include="src\Game\PartName.h">
      <Filter>Game</Filter>
    </ClInclude>
    <ClInclude Include="src\Game\FrameDataTable.h">
      <Filter>Game</Filter>
    </ClInclude>
    <ClInclude Include="src\Game\GameTables.h">
      <Filter>Game</Filter>
    </ClInclude>
    <ClInclude Include="src\Game\PlayerState.h">
      <Filter>Game</Filter>
    </ClInclude>
    <ClInclude Include="src\Game\ReplayState.h">
      <Filter>Game</Filter>
    </ClInclude>
    <ClInclude Include="src\Game\SteamNames.h">
      <Filter>Game</Filter>
    </ClInclude>
    <ClInclude Include="src\Training\FrameStepper.h">
      <Filter>Training</Filter>
    </ClInclude>
    <ClInclude Include="src\Training\StopTime.h">
      <Filter>Training</Filter>
    </ClInclude>
    <ClInclude Include="src\Training\StageColor.h">
      <Filter>Training</Filter>
    </ClInclude>
    <ClInclude Include="src\Training\DummyScript.h">
      <Filter>Training</Filter>
    </ClInclude>
    <ClInclude Include="src\Training\StateRecorder.h">
      <Filter>Training</Filter>
    </ClInclude>
    <ClInclude Include="src\Training\DummyRecorder.h">
      <Filter>Training</Filter>
    </ClInclude>
    <ClInclude Include="src\Training\FrameMeter.h">
      <Filter>Training</Filter>
    </ClInclude>
    <ClInclude Include="src\Training\SuperFlash.h">
      <Filter>Training</Filter>
    </ClInclude>
    <ClInclude Include="src\Overlay\FrameMeterHud.h">
      <Filter>Overlay</Filter>
    </ClInclude>
    <ClInclude Include="src\D3D9\DdsTexture.h">
      <Filter>D3D9</Filter>
    </ClInclude>
    <ClInclude Include="src\D3D9\QuadRenderer.h">
      <Filter>D3D9</Filter>
    </ClInclude>
    <ClInclude Include="src\D3D9\GameFont.h">
      <Filter>D3D9</Filter>
    </ClInclude>
    <ClInclude Include="src\Overlay\Window\FrameMeterLegendWindow.h">
      <Filter>Overlay\Window</Filter>
    </ClInclude>
    <ClInclude Include="src\Overlay\Window\DummyScriptGuideWindow.h">
      <Filter>Overlay\Window</Filter>
    </ClInclude>
    <ClInclude Include="src\Overlay\Window\HitboxLegendWindow.h">
      <Filter>Overlay\Window</Filter>
    </ClInclude>
    <ClInclude Include="src\Overlay\Window\PlayerControlWindow.h">
      <Filter>Overlay\Window</Filter>
    </ClInclude>
    <ClInclude Include="src\Overlay\Window\UpdateNotifierWindow.h">
      <Filter>Overlay\Window</Filter>
    </ClInclude>
    <ClInclude Include="src\Web\UpdateCheck.h">
      <Filter>Web</Filter>
    </ClInclude>
    <ClInclude Include="src\Training\PlayerControl.h">
      <Filter>Training</Filter>
    </ClInclude>
    <ClInclude Include="src\Training\InputFrame.h">
      <Filter>Training</Filter>
    </ClInclude>
    <ClInclude Include="src\Training\InputLagMeter.h">
      <Filter>Training</Filter>
    </ClInclude>
    <ClInclude Include="src\Overlay\Window\PaletteEditorWindow.h">
      <Filter>Overlay\Window</Filter>
    </ClInclude>
    <ClInclude Include="src\Overlay\Window\HitboxOverlay.h">
      <Filter>Overlay\Window</Filter>
    </ClInclude>
    <ClInclude Include="src\Core\Profiler.h">
      <Filter>Core</Filter>
    </ClInclude>
    <ClInclude Include="src\Core\default_ini.h">
      <Filter>Core</Filter>
    </ClInclude>
    <ClInclude Include="src\Core\ProcessTuning.h">
      <Filter>Core</Filter>
    </ClInclude>
    <ClInclude Include="src\D3D9\PresentTuning.h">
      <Filter>D3D9</Filter>
    </ClInclude>
    <ClInclude Include="src\D3D9\SceneScale.h">
      <Filter>D3D9</Filter>
    </ClInclude>
    <ClInclude Include="src\D3D9\Post\SceneUpscale.h">
      <Filter>D3D9\Post</Filter>
    </ClInclude>
    <ClInclude Include="src\D3D9\Post\Shaders\SceneUpscaleShader.h">
      <Filter>D3D9\Post\Shaders</Filter>
    </ClInclude>
    <ClInclude Include="src\D3D9\Post\DeviceState.h">
      <Filter>D3D9\Post</Filter>
    </ClInclude>
    <ClInclude Include="src\D3D9\Post\ScratchTarget.h">
      <Filter>D3D9\Post</Filter>
    </ClInclude>
    <ClInclude Include="src\D3D9\Post\FullScreenPass.h">
      <Filter>D3D9\Post</Filter>
    </ClInclude>
    <ClInclude Include="src\D3D9\Post\UpscaleFilter.h">
      <Filter>D3D9\Post</Filter>
    </ClInclude>
    <ClInclude Include="src\D3D9\Post\PostOptions.h">
      <Filter>D3D9\Post</Filter>
    </ClInclude>
    <ClInclude Include="src\D3D9\Post\PostChain.h">
      <Filter>D3D9\Post</Filter>
    </ClInclude>
    <ClInclude Include="src\D3D9\Post\BundledShaders.h">
      <Filter>D3D9\Post</Filter>
    </ClInclude>
    <ClInclude Include="src\D3D9\Post\ShaderPack.h">
      <Filter>D3D9\Post</Filter>
    </ClInclude>
    <ClInclude Include="src\D3D9\Post\ShaderSource.h">
      <Filter>D3D9\Post</Filter>
    </ClInclude>
    <ClInclude Include="src\D3D9\Post\Shaders\BicubicShader.h">
      <Filter>D3D9\Post\Shaders</Filter>
    </ClInclude>
    <ClInclude Include="src\D3D9\Post\Shaders\LanczosShader.h">
      <Filter>D3D9\Post\Shaders</Filter>
    </ClInclude>
    <ClInclude Include="src\D3D9\Post\Shaders\FxaaShader.h">
      <Filter>D3D9\Post\Shaders</Filter>
    </ClInclude>
    <ClInclude Include="src\D3D9\Post\Shaders\RcasShader.h">
      <Filter>D3D9\Post\Shaders</Filter>
    </ClInclude>
    <ClInclude Include="src\D3D9\Post\Shaders\LookShader.h">
      <Filter>D3D9\Post\Shaders</Filter>
    </ClInclude>
    <ClInclude Include="src\D3D9\Post\Shaders\BloomBrightShader.h">
      <Filter>D3D9\Post\Shaders</Filter>
    </ClInclude>
    <ClInclude Include="src\D3D9\Post\Shaders\BloomBlurShader.h">
      <Filter>D3D9\Post\Shaders</Filter>
    </ClInclude>
    <ClInclude Include="src\D3D9\Post\Shaders\BloomMixShader.h">
      <Filter>D3D9\Post\Shaders</Filter>
    </ClInclude>
    <ClInclude Include="src\D3D9\Post\Shaders\SharpenShader.h">
      <Filter>D3D9\Post\Shaders</Filter>
    </ClInclude>
    <ClInclude Include="src\Game\EngineQuality.h">
      <Filter>Game</Filter>
    </ClInclude>
    <ClInclude Include="src\Game\ExtraStages.h">
      <Filter>Game</Filter>
    </ClInclude>
    <ClInclude Include="src\Game\Improvements.h">
      <Filter>Game</Filter>
    </ClInclude>
    <ClInclude Include="src\Game\KeyboardSeat.h">
      <Filter>Game</Filter>
    </ClInclude>
    <ClInclude Include="src\Game\PotatoMode.h">
      <Filter>Game</Filter>
    </ClInclude>
    <ClInclude Include="src\Game\ReplayArchive.h">
      <Filter>Game</Filter>
    </ClInclude>
    <ClInclude Include="src\Game\ReplayFiles.h">
      <Filter>Game</Filter>
    </ClInclude>
    <ClInclude Include="src\Game\PresentSize.h">
      <Filter>Game</Filter>
    </ClInclude>
    <ClInclude Include="src\Game\PumpWait.h">
      <Filter>Game</Filter>
    </ClInclude>
    <ClInclude Include="src\Game\DataArchive.h">
      <Filter>Game</Filter>
    </ClInclude>
    <ClInclude Include="src\Game\UiAssets.h">
      <Filter>Game</Filter>
    </ClInclude>
    <ClInclude Include="src\Overlay\Window\PerformanceWindow.h">
      <Filter>Overlay\Window</Filter>
    </ClInclude>
    <ClInclude Include="src\Overlay\Window\GraphicsPanel.h">
      <Filter>Overlay\Window</Filter>
    </ClInclude>
    <ClInclude Include="src\Game\GameOffsets.h">
      <Filter>Game</Filter>
    </ClInclude>
    <ClInclude Include="src\Overlay\WindowContainer\WindowContainer.h">
      <Filter>Overlay\WindowContainer</Filter>
    </ClInclude>
    <ClInclude Include="src\Overlay\WindowContainer\WindowType.h">
      <Filter>Overlay\WindowContainer</Filter>
    </ClInclude>
    <ClInclude Include="depends\minimp3\minimp3.h">
      <Filter>Dependencies\minimp3</Filter>
    </ClInclude>
    <ClInclude Include="depends\minimp3\minimp3_ex.h">
      <Filter>Dependencies\minimp3</Filter>
    </ClInclude>
  </ItemGroup>
  <ItemGroup>
    <None Include="resource\dinput8.def">
      <Filter>Resources</Filter>
    </None>
    <None Include="resource\UNI2_IM.ini">
      <Filter>Resources</Filter>
    </None>
    <None Include="resource\shaders\bloom_blur.hlsl">
      <Filter>Resources\shaders</Filter>
    </None>
    <None Include="resource\shaders\bloom_bright.hlsl">
      <Filter>Resources\shaders</Filter>
    </None>
    <None Include="resource\shaders\bloom_mix.hlsl">
      <Filter>Resources\shaders</Filter>
    </None>
    <None Include="resource\shaders\fxaa.hlsl">
      <Filter>Resources\shaders</Filter>
    </None>
    <None Include="resource\shaders\look.hlsl">
      <Filter>Resources\shaders</Filter>
    </None>
    <None Include="resource\shaders\rcas.hlsl">
      <Filter>Resources\shaders</Filter>
    </None>
    <None Include="resource\shaders\sceneupscale.hlsl">
      <Filter>Resources\shaders</Filter>
    </None>
    <None Include="resource\shaders\sharpen.hlsl">
      <Filter>Resources\shaders</Filter>
    </None>
    <None Include="resource\shaders\upscale_bicubic.hlsl">
      <Filter>Resources\shaders</Filter>
    </None>
    <None Include="resource\shaders\upscale_lanczos.hlsl">
      <Filter>Resources\shaders</Filter>
    </None>
    <None Include="resource\shaders\examples\01_passthrough.hlsl">
      <Filter>Resources\shaders\examples</Filter>
    </None>
    <None Include="resource\shaders\examples\02_grayscale.hlsl">
      <Filter>Resources\shaders\examples</Filter>
    </None>
    <None Include="resource\shaders\examples\03_sepia.hlsl">
      <Filter>Resources\shaders\examples</Filter>
    </None>
    <None Include="resource\shaders\examples\04_invert.hlsl">
      <Filter>Resources\shaders\examples</Filter>
    </None>
    <None Include="resource\shaders\examples\05_posterize.hlsl">
      <Filter>Resources\shaders\examples</Filter>
    </None>
    <None Include="resource\shaders\examples\06_pixelate.hlsl">
      <Filter>Resources\shaders\examples</Filter>
    </None>
    <None Include="resource\shaders\examples\07_chromatic.hlsl">
      <Filter>Resources\shaders\examples</Filter>
    </None>
    <None Include="resource\shaders\examples\08_film_grain.hlsl">
      <Filter>Resources\shaders\examples</Filter>
    </None>
    <None Include="resource\shaders\examples\09_vhs.hlsl">
      <Filter>Resources\shaders\examples</Filter>
    </None>
    <None Include="resource\shaders\examples\10_lcd_grid.hlsl">
      <Filter>Resources\shaders\examples</Filter>
    </None>
    <None Include="resource\shaders\examples\11_outline.hlsl">
      <Filter>Resources\shaders\examples</Filter>
    </None>
    <None Include="resource\shaders\examples\12_crt.hlsl">
      <Filter>Resources\shaders\examples</Filter>
    </None>
    <None Include="resource\shaders\examples\13_reshade_tonemap.fx">
      <Filter>Resources\shaders\examples</Filter>
    </None>
    <None Include="resource\shaders\examples\14_slang_scanlines.slang">
      <Filter>Resources\shaders\examples</Filter>
    </None>
    <None Include="resource\shaders\examples\15_shadertoy_ripple.glsl">
      <Filter>Resources\shaders\examples</Filter>
    </None>
    <None Include="resource\shaders\examples\16_bleach_bypass.ps">
      <Filter>Resources\shaders\examples</Filter>
    </None>
    <None Include="resource\shaders\examples\17_dot_matrix.frag">
      <Filter>Resources\shaders\examples</Filter>
    </None>
    <None Include="resource\shaders\examples\18_bloom_glow.fsh">
      <Filter>Resources\shaders\examples</Filter>
    </None>
  </ItemGroup>
  <ItemGroup>
    <ResourceCompile Include="resource\UNI2_IM.rc">
      <Filter>Resources</Filter>
    </ResourceCompile>
  </ItemGroup>
</Project>